PODS:
  - Auth0 (1.14.1):
    - SimpleKeychain
  - Crashlytics (3.12.0):
    - Fabric (~> 1.9.0)
  - Fabric (1.9.0)
  - Firebase/Core (5.17.0):
    - Firebase/CoreOnly
    - FirebaseAnalytics (= 5.6.0)
  - Firebase/CoreOnly (5.17.0):
    - FirebaseCore (= 5.3.0)
  - Firebase/DynamicLinks (5.17.0):
    - Firebase/CoreOnly
    - FirebaseDynamicLinks (= 3.4.0)
  - Firebase/Performance (5.17.0):
    - Firebase/Core
    - FirebasePerformance (= 2.2.3)
  - FirebaseABTesting (2.0.0):
    - FirebaseCore (~> 5.0)
    - Protobuf (~> 3.5)
  - FirebaseAnalytics (5.6.0):
    - FirebaseCore (~> 5.3)
    - FirebaseInstanceID (~> 3.5)
    - GoogleAppMeasurement (= 5.6.0)
    - GoogleUtilities/AppDelegateSwizzler (~> 5.2)
    - GoogleUtilities/MethodSwizzler (~> 5.2)
    - GoogleUtilities/Network (~> 5.2)
    - "GoogleUtilities/NSData+zlib (~> 5.2)"
    - nanopb (~> 0.3)
  - FirebaseAnalyticsInterop (1.2.0)
  - FirebaseCore (5.3.0):
    - GoogleUtilities/Logger (~> 5.2)
  - FirebaseDynamicLinks (3.4.0):
    - FirebaseAnalytics (~> 5.1)
    - FirebaseAnalyticsInterop (~> 1.0)
    - FirebaseCore (~> 5.2)
  - FirebaseInstanceID (3.5.0):
    - FirebaseCore (~> 5.3)
    - GoogleUtilities/Environment (~> 5.3)
    - GoogleUtilities/UserDefaults (~> 5.3)
  - FirebasePerformance (2.2.3):
    - FirebaseAnalytics (~> 5.6)
    - FirebaseInstanceID (~> 3.5)
    - FirebaseRemoteConfig (~> 3.1)
    - GoogleToolboxForMac/Logger (~> 2.1)
    - "GoogleToolboxForMac/NSData+zlib (~> 2.1)"
    - GoogleUtilities/ISASwizzler (~> 5.2)
    - GoogleUtilities/MethodSwizzler (~> 5.2)
    - GTMSessionFetcher/Core (~> 1.1)
    - Protobuf (~> 3.5)
  - FirebaseRemoteConfig (3.1.0):
    - FirebaseABTesting (~> 2.0)
    - FirebaseAnalytics (~> 5.3)
    - FirebaseCore (~> 5.1)
    - FirebaseInstanceID (~> 3.3)
    - GoogleUtilities/Environment (~> 5.2)
    - "GoogleUtilities/NSData+zlib (~> 5.2)"
    - Protobuf (~> 3.5)
  - FreshchatSDK (2.4.0)
  - GoogleAppMeasurement (5.6.0):
    - GoogleUtilities/AppDelegateSwizzler (~> 5.2)
    - GoogleUtilities/MethodSwizzler (~> 5.2)
    - GoogleUtilities/Network (~> 5.2)
    - "GoogleUtilities/NSData+zlib (~> 5.2)"
    - nanopb (~> 0.3)
  - GoogleToolboxForMac/Defines (2.2.0)
  - GoogleToolboxForMac/Logger (2.2.0):
    - GoogleToolboxForMac/Defines (= 2.2.0)
  - "GoogleToolboxForMac/NSData+zlib (2.2.0)":
    - GoogleToolboxForMac/Defines (= 2.2.0)
  - GoogleUtilities/AppDelegateSwizzler (5.3.7):
    - GoogleUtilities/Environment
    - GoogleUtilities/Logger
    - GoogleUtilities/Network
  - GoogleUtilities/Environment (5.3.7)
  - GoogleUtilities/ISASwizzler (5.3.7)
  - GoogleUtilities/Logger (5.3.7):
    - GoogleUtilities/Environment
  - GoogleUtilities/MethodSwizzler (5.3.7):
    - GoogleUtilities/Logger
  - GoogleUtilities/Network (5.3.7):
    - GoogleUtilities/Logger
    - "GoogleUtilities/NSData+zlib"
    - GoogleUtilities/Reachability
  - "GoogleUtilities/NSData+zlib (5.3.7)"
  - GoogleUtilities/Reachability (5.3.7):
    - GoogleUtilities/Logger
  - GoogleUtilities/UserDefaults (5.3.7):
    - GoogleUtilities/Logger
  - GTMSessionFetcher/Core (1.2.1)
  - JumioMobileSDK/Netverify (2.15.0)
  - JWTDecode (2.2.0)
  - nanopb (0.3.901):
    - nanopb/decode (= 0.3.901)
    - nanopb/encode (= 0.3.901)
  - nanopb/decode (0.3.901)
  - nanopb/encode (0.3.901)
  - PromisesObjC (1.2.7)
  - PromisesSwift (1.2.7):
    - PromisesObjC (= 1.2.7)
  - Protobuf (3.6.1)
  - RxAtomic (4.4.1)
  - RxCocoa (4.4.1):
    - RxSwift (~> 4.0)
  - RxCoreLocation (1.3.2):
    - RxCoreLocation/Core (= 1.3.2)
  - RxCoreLocation/Core (1.3.2):
    - RxCocoa (~> 4.0)
    - RxSwift (~> 4.0)
  - RxSwift (4.4.1):
    - RxAtomic (~> 4.4)
  - Siesta (1.4.2):
    - Siesta/Core (= 1.4.2)
  - Siesta/Core (1.4.2)
  - Siesta/UI (1.4.2):
    - Siesta/Core
  - SimpleKeychain (0.8.1)
  - Stripe (14.0.0)

DEPENDENCIES:
  - Auth0 (~> 1.14)
  - Crashlytics (~> 3.12.0)
  - Fabric (~> 1.9.0)
  - Firebase/Core
  - Firebase/DynamicLinks
  - Firebase/Performance
  - FreshchatSDK
  - JumioMobileSDK/Netverify (~> 2.14)
  - JWTDecode (~> 2.2)
  - PromisesSwift (~> 1.2.7)
  - RxCoreLocation (~> 1.3.1)
  - RxSwift (~> 4.0)
  - Siesta (~> 1.0)
  - Siesta/UI (~> 1.0)
  - SimpleKeychain
  - Stripe

SPEC REPOS:
  https://github.com/cocoapods/specs.git:
    - Auth0
    - Crashlytics
    - Fabric
    - Firebase
    - FirebaseABTesting
    - FirebaseAnalytics
    - FirebaseAnalyticsInterop
    - FirebaseCore
    - FirebaseDynamicLinks
    - FirebaseInstanceID
    - FirebasePerformance
    - FirebaseRemoteConfig
    - FreshchatSDK
    - GoogleAppMeasurement
    - GoogleToolboxForMac
    - GoogleUtilities
    - GTMSessionFetcher
    - JumioMobileSDK
    - JWTDecode
    - nanopb
    - PromisesObjC
    - PromisesSwift
    - Protobuf
    - RxAtomic
    - RxCocoa
    - RxCoreLocation
    - RxSwift
    - Siesta
    - SimpleKeychain
    - Stripe

SPEC CHECKSUMS:
  Auth0: 064dc115cd99eec7334d1cab565f4d974eecac4d
  Crashlytics: 07fb167b1694128c1c9a5a5cc319b0e9c3ca0933
  Fabric: f988e33c97f08930a413e08123064d2e5f68d655
  Firebase: 59d557e064217fab6a03ff00baa73c06e73832e6
  FirebaseABTesting: 1f50b8d50f5e3469eea54e7463a7b7fe221d1f5e
  FirebaseAnalytics: 75e4bbc6417d190cc98ec1f17c41a4fad4c2c976
  FirebaseAnalyticsInterop: efbe45c8385ec626e29f9525e5ebd38520dfb6c1
  FirebaseCore: c0c4befb82374d6aef64d800e569f47625352edc
  FirebaseDynamicLinks: 83a0071c95ad715bc324fcb8f51028d5b6a58af0
  FirebaseInstanceID: 4522aad88f69297622062c0e9ffccdee3dd9b151
  FirebasePerformance: b97b1c301790b4fddc9fe675bca05b71c04e24a6
  FirebaseRemoteConfig: 7e11c65f0769c09bff6947997c209515058c5318
  FreshchatSDK: ecb52e1b6c2ada613eb61a7ca21278385500ba7d
  GoogleAppMeasurement: 008e04ecd8efedd97a693aea8634aefe220bd26e
  GoogleToolboxForMac: ff31605b7d66400dcec09bed5861689aebadda4d
  GoogleUtilities: 111a012f4c3a29c9e7c954c082fafd6ee3c999c0
  GTMSessionFetcher: 32aeca0aa144acea523e1c8e053089dec2cb98ca
  JumioMobileSDK: 8949971b2007fccf1e63bac2f30f108a1ff2c53f
  JWTDecode: 85a405ab16d5473e99bd89ded1d535090ebd6a0e
  nanopb: 2901f78ea1b7b4015c860c2fdd1ea2fee1a18d48
  PromisesObjC: 7b28ddd1e78cce8f80f1ada927d2217663a9c672
  PromisesSwift: b27f410f9ea693753cfd4cfd8ac1c60a471f137b
  Protobuf: 1eb9700044745f00181c136ef21b8ff3ad5a0fd5
  RxAtomic: f8d6adc1ccb87a767811269e4875887bc74dbf19
  RxCocoa: 2f35a76bf8887872e28a1914112395b11b8e0e64
  RxCoreLocation: 23d0f2f06fba5af57f2fa9064a5c165e75eb4c33
  RxSwift: 92fcf68dfef21f3e2ab1965363d9e7b3d787597e
  Siesta: 337a9c39c9b78bba904286310c86562a886efdab
  SimpleKeychain: e2485c28d82fcece35e9e41faeac42ebfe614815
  Stripe: db29ad197c74aca6fb981e4e8355cf7ebd0fca5a

PODFILE CHECKSUM: 44eb9310b795c386dbfde902f8edce17773f8682

COCOAPODS: 1.6.1
