// !$*UTF8*$!
{
	archiveVersion = 1;
	classes = {
	};
	objectVersion = 50;
	objects = {

/* Begin PBXBuildFile section */
		0448816A217924B700F59758 /* AppDelegate.swift in Sources */ = {isa = PBXBuildFile; fileRef = 04488169217924B700F59758 /* AppDelegate.swift */; };
		0448816C217924B700F59758 /* HomeViewController.swift in Sources */ = {isa = PBXBuildFile; fileRef = 0448816B217924B700F59758 /* HomeViewController.swift */; };
		0448816E217924B700F59758 /* SettingsTableViewController.swift in Sources */ = {isa = PBXBuildFile; fileRef = 0448816D217924B700F59758 /* SettingsTableViewController.swift */; };
		04488171217924B700F59758 /* Main.storyboard in Resources */ = {isa = PBXBuildFile; fileRef = 0448816F217924B700F59758 /* Main.storyboard */; };
		04488173217924B800F59758 /* Assets.xcassets in Resources */ = {isa = PBXBuildFile; fileRef = 04488172217924B800F59758 /* Assets.xcassets */; };
		04488176217924B800F59758 /* LaunchScreen.storyboard in Resources */ = {isa = PBXBuildFile; fileRef = 04488174217924B800F59758 /* LaunchScreen.storyboard */; };
		0448817E2179287600F59758 /* LoginViewController.swift in Sources */ = {isa = PBXBuildFile; fileRef = 0448817D2179287600F59758 /* LoginViewController.swift */; };
		0448818E21792DF300F59758 /* Auth0.plist in Resources */ = {isa = PBXBuildFile; fileRef = 0448818D21792DF300F59758 /* Auth0.plist */; };
		044881902179359700F59758 /* Switcher.swift in Sources */ = {isa = PBXBuildFile; fileRef = 0448818F2179359700F59758 /* Switcher.swift */; };
		04488192217938A300F59758 /* Auth.swift in Sources */ = {isa = PBXBuildFile; fileRef = 04488191217938A300F59758 /* Auth.swift */; };
		04488199217B42C200F59758 /* OstelcoAPI.swift in Sources */ = {isa = PBXBuildFile; fileRef = 04488198217B42C200F59758 /* OstelcoAPI.swift */; };
		0448819E217B4E4E00F59758 /* BundleModel.swift in Sources */ = {isa = PBXBuildFile; fileRef = 0448819D217B4E4E00F59758 /* BundleModel.swift */; };
		044881A0217B7CA100F59758 /* ProfileTableViewController.swift in Sources */ = {isa = PBXBuildFile; fileRef = 0448819F217B7CA100F59758 /* ProfileTableViewController.swift */; };
		044881A2217B896800F59758 /* ProfileModel.swift in Sources */ = {isa = PBXBuildFile; fileRef = 044881A1217B896800F59758 /* ProfileModel.swift */; };
		044881A4217BA15100F59758 /* PurchaseHistoryTableViewController.swift in Sources */ = {isa = PBXBuildFile; fileRef = 044881A3217BA15100F59758 /* PurchaseHistoryTableViewController.swift */; };
		044881A6217BA1B900F59758 /* PurchaseHistoryTableViewCell.swift in Sources */ = {isa = PBXBuildFile; fileRef = 044881A5217BA1B900F59758 /* PurchaseHistoryTableViewCell.swift */; };
		044881A8217BA32B00F59758 /* PurchaseModel.swift in Sources */ = {isa = PBXBuildFile; fileRef = 044881A7217BA32B00F59758 /* PurchaseModel.swift */; };
		044881AA217BA35C00F59758 /* ProductModel.swift in Sources */ = {isa = PBXBuildFile; fileRef = 044881A9217BA35C00F59758 /* ProductModel.swift */; };
		044881AF217BFBD800F59758 /* UIHelpers.swift in Sources */ = {isa = PBXBuildFile; fileRef = 044881AE217BFBD800F59758 /* UIHelpers.swift */; };
		C29802AA2181EDA800FBC5C3 /* Switcher.swift in Sources */ = {isa = PBXBuildFile; fileRef = 0448818F2179359700F59758 /* Switcher.swift */; };
		C29802AB2181EDA800FBC5C3 /* PurchaseHistoryTableViewCell.swift in Sources */ = {isa = PBXBuildFile; fileRef = 044881A5217BA1B900F59758 /* PurchaseHistoryTableViewCell.swift */; };
		C29802AC2181EDA800FBC5C3 /* LoginViewController.swift in Sources */ = {isa = PBXBuildFile; fileRef = 0448817D2179287600F59758 /* LoginViewController.swift */; };
		C29802AD2181EDA800FBC5C3 /* OstelcoAPI.swift in Sources */ = {isa = PBXBuildFile; fileRef = 04488198217B42C200F59758 /* OstelcoAPI.swift */; };
		C29802AE2181EDA800FBC5C3 /* SettingsTableViewController.swift in Sources */ = {isa = PBXBuildFile; fileRef = 0448816D217924B700F59758 /* SettingsTableViewController.swift */; };
		C29802AF2181EDA800FBC5C3 /* ProductModel.swift in Sources */ = {isa = PBXBuildFile; fileRef = 044881A9217BA35C00F59758 /* ProductModel.swift */; };
		C29802B02181EDA800FBC5C3 /* UIHelpers.swift in Sources */ = {isa = PBXBuildFile; fileRef = 044881AE217BFBD800F59758 /* UIHelpers.swift */; };
		C29802B12181EDA800FBC5C3 /* AppDelegate.swift in Sources */ = {isa = PBXBuildFile; fileRef = 04488169217924B700F59758 /* AppDelegate.swift */; };
		C29802B22181EDA800FBC5C3 /* ProfileModel.swift in Sources */ = {isa = PBXBuildFile; fileRef = 044881A1217B896800F59758 /* ProfileModel.swift */; };
		C29802B32181EDA800FBC5C3 /* Auth.swift in Sources */ = {isa = PBXBuildFile; fileRef = 04488191217938A300F59758 /* Auth.swift */; };
		C29802B42181EDA800FBC5C3 /* ProfileTableViewController.swift in Sources */ = {isa = PBXBuildFile; fileRef = 0448819F217B7CA100F59758 /* ProfileTableViewController.swift */; };
		C29802B52181EDA800FBC5C3 /* HomeViewController.swift in Sources */ = {isa = PBXBuildFile; fileRef = 0448816B217924B700F59758 /* HomeViewController.swift */; };
		C29802B62181EDA800FBC5C3 /* PurchaseHistoryTableViewController.swift in Sources */ = {isa = PBXBuildFile; fileRef = 044881A3217BA15100F59758 /* PurchaseHistoryTableViewController.swift */; };
		C29802B72181EDA800FBC5C3 /* BundleModel.swift in Sources */ = {isa = PBXBuildFile; fileRef = 0448819D217B4E4E00F59758 /* BundleModel.swift */; };
		C29802B82181EDA800FBC5C3 /* PurchaseModel.swift in Sources */ = {isa = PBXBuildFile; fileRef = 044881A7217BA32B00F59758 /* PurchaseModel.swift */; };
		C29802BA2181EDA800FBC5C3 /* Stripe.framework in Frameworks */ = {isa = PBXBuildFile; fileRef = C2B08447217E709900CAF9EA /* Stripe.framework */; };
		C29802BB2181EDA800FBC5C3 /* Siesta.framework in Frameworks */ = {isa = PBXBuildFile; fileRef = C2B08448217E709900CAF9EA /* Siesta.framework */; };
		C29802BC2181EDA800FBC5C3 /* SimpleKeychain.framework in Frameworks */ = {isa = PBXBuildFile; fileRef = C2B0844C217E709900CAF9EA /* SimpleKeychain.framework */; };
		C29802BD2181EDA800FBC5C3 /* Auth0.framework in Frameworks */ = {isa = PBXBuildFile; fileRef = C2B0844D217E709900CAF9EA /* Auth0.framework */; };
		C29802BE2181EDA800FBC5C3 /* RxSwift.framework in Frameworks */ = {isa = PBXBuildFile; fileRef = C2B0844F217E709900CAF9EA /* RxSwift.framework */; };
		C29802C02181EDA800FBC5C3 /* LaunchScreen.storyboard in Resources */ = {isa = PBXBuildFile; fileRef = 04488174217924B800F59758 /* LaunchScreen.storyboard */; };
		C29802C12181EDA800FBC5C3 /* Assets.xcassets in Resources */ = {isa = PBXBuildFile; fileRef = 04488172217924B800F59758 /* Assets.xcassets */; };
		C29802C22181EDA800FBC5C3 /* Main.storyboard in Resources */ = {isa = PBXBuildFile; fileRef = 0448816F217924B700F59758 /* Main.storyboard */; };
		C29802C32181EDA800FBC5C3 /* Auth0.plist in Resources */ = {isa = PBXBuildFile; fileRef = 0448818D21792DF300F59758 /* Auth0.plist */; };
		C2B08450217E709900CAF9EA /* Stripe.framework in Frameworks */ = {isa = PBXBuildFile; fileRef = C2B08447217E709900CAF9EA /* Stripe.framework */; };
		C2B08451217E709900CAF9EA /* Siesta.framework in Frameworks */ = {isa = PBXBuildFile; fileRef = C2B08448217E709900CAF9EA /* Siesta.framework */; };
		C2B08455217E709900CAF9EA /* SimpleKeychain.framework in Frameworks */ = {isa = PBXBuildFile; fileRef = C2B0844C217E709900CAF9EA /* SimpleKeychain.framework */; };
		C2B08456217E709900CAF9EA /* Auth0.framework in Frameworks */ = {isa = PBXBuildFile; fileRef = C2B0844D217E709900CAF9EA /* Auth0.framework */; };
		C2B08458217E709900CAF9EA /* RxSwift.framework in Frameworks */ = {isa = PBXBuildFile; fileRef = C2B0844F217E709900CAF9EA /* RxSwift.framework */; };
/* End PBXBuildFile section */

/* Begin PBXCopyFilesBuildPhase section */
		C296D02C217E6E4200CE06B0 /* Embed Frameworks */ = {
			isa = PBXCopyFilesBuildPhase;
			buildActionMask = 2147483647;
			dstPath = "";
			dstSubfolderSpec = 10;
			files = (
			);
			name = "Embed Frameworks";
			runOnlyForDeploymentPostprocessing = 0;
		};
		C29802C62181EDA800FBC5C3 /* Embed Frameworks */ = {
			isa = PBXCopyFilesBuildPhase;
			buildActionMask = 2147483647;
			dstPath = "";
			dstSubfolderSpec = 10;
			files = (
			);
			name = "Embed Frameworks";
			runOnlyForDeploymentPostprocessing = 0;
		};
/* End PBXCopyFilesBuildPhase section */

/* Begin PBXFileReference section */
		04488166217924B700F59758 /* ostelco-ios-client.app */ = {isa = PBXFileReference; explicitFileType = wrapper.application; includeInIndex = 0; path = "ostelco-ios-client.app"; sourceTree = BUILT_PRODUCTS_DIR; };
		04488169217924B700F59758 /* AppDelegate.swift */ = {isa = PBXFileReference; lastKnownFileType = sourcecode.swift; path = AppDelegate.swift; sourceTree = "<group>"; };
		0448816B217924B700F59758 /* HomeViewController.swift */ = {isa = PBXFileReference; lastKnownFileType = sourcecode.swift; path = HomeViewController.swift; sourceTree = "<group>"; };
		0448816D217924B700F59758 /* SettingsTableViewController.swift */ = {isa = PBXFileReference; lastKnownFileType = sourcecode.swift; path = SettingsTableViewController.swift; sourceTree = "<group>"; };
		04488170217924B700F59758 /* Base */ = {isa = PBXFileReference; lastKnownFileType = file.storyboard; name = Base; path = Base.lproj/Main.storyboard; sourceTree = "<group>"; };
		04488172217924B800F59758 /* Assets.xcassets */ = {isa = PBXFileReference; lastKnownFileType = folder.assetcatalog; path = Assets.xcassets; sourceTree = "<group>"; };
		04488175217924B800F59758 /* Base */ = {isa = PBXFileReference; lastKnownFileType = file.storyboard; name = Base; path = Base.lproj/LaunchScreen.storyboard; sourceTree = "<group>"; };
		04488177217924B800F59758 /* Info.plist */ = {isa = PBXFileReference; lastKnownFileType = text.plist.xml; path = Info.plist; sourceTree = "<group>"; };
		0448817D2179287600F59758 /* LoginViewController.swift */ = {isa = PBXFileReference; lastKnownFileType = sourcecode.swift; path = LoginViewController.swift; sourceTree = "<group>"; };
		0448818D21792DF300F59758 /* Auth0.plist */ = {isa = PBXFileReference; lastKnownFileType = text.plist.xml; path = Auth0.plist; sourceTree = "<group>"; };
		0448818F2179359700F59758 /* Switcher.swift */ = {isa = PBXFileReference; lastKnownFileType = sourcecode.swift; path = Switcher.swift; sourceTree = "<group>"; };
		04488191217938A300F59758 /* Auth.swift */ = {isa = PBXFileReference; lastKnownFileType = sourcecode.swift; path = Auth.swift; sourceTree = "<group>"; };
		04488198217B42C200F59758 /* OstelcoAPI.swift */ = {isa = PBXFileReference; lastKnownFileType = sourcecode.swift; path = OstelcoAPI.swift; sourceTree = "<group>"; };
		0448819D217B4E4E00F59758 /* BundleModel.swift */ = {isa = PBXFileReference; lastKnownFileType = sourcecode.swift; path = BundleModel.swift; sourceTree = "<group>"; };
		0448819F217B7CA100F59758 /* ProfileTableViewController.swift */ = {isa = PBXFileReference; lastKnownFileType = sourcecode.swift; path = ProfileTableViewController.swift; sourceTree = "<group>"; };
		044881A1217B896800F59758 /* ProfileModel.swift */ = {isa = PBXFileReference; lastKnownFileType = sourcecode.swift; path = ProfileModel.swift; sourceTree = "<group>"; };
		044881A3217BA15100F59758 /* PurchaseHistoryTableViewController.swift */ = {isa = PBXFileReference; lastKnownFileType = sourcecode.swift; path = PurchaseHistoryTableViewController.swift; sourceTree = "<group>"; };
		044881A5217BA1B900F59758 /* PurchaseHistoryTableViewCell.swift */ = {isa = PBXFileReference; lastKnownFileType = sourcecode.swift; path = PurchaseHistoryTableViewCell.swift; sourceTree = "<group>"; };
		044881A7217BA32B00F59758 /* PurchaseModel.swift */ = {isa = PBXFileReference; lastKnownFileType = sourcecode.swift; path = PurchaseModel.swift; sourceTree = "<group>"; };
		044881A9217BA35C00F59758 /* ProductModel.swift */ = {isa = PBXFileReference; lastKnownFileType = sourcecode.swift; path = ProductModel.swift; sourceTree = "<group>"; };
		044881AE217BFBD800F59758 /* UIHelpers.swift */ = {isa = PBXFileReference; lastKnownFileType = sourcecode.swift; path = UIHelpers.swift; sourceTree = "<group>"; };
		C29802CC2181EDA800FBC5C3 /* dev-ostelco-ios-client.app */ = {isa = PBXFileReference; explicitFileType = wrapper.application; includeInIndex = 0; path = "dev-ostelco-ios-client.app"; sourceTree = BUILT_PRODUCTS_DIR; };
		C29802CD2181EDA800FBC5C3 /* dev-Info.plist */ = {isa = PBXFileReference; lastKnownFileType = text.plist.xml; name = "dev-Info.plist"; path = "/Users/prasanth/dev/ostelco-ios-client/ostelco-ios-client/dev-Info.plist"; sourceTree = "<absolute>"; };
		C2B08447217E709900CAF9EA /* Stripe.framework */ = {isa = PBXFileReference; lastKnownFileType = wrapper.framework; name = Stripe.framework; path = Carthage/Build/iOS/Stripe.framework; sourceTree = "<group>"; };
		C2B08448217E709900CAF9EA /* Siesta.framework */ = {isa = PBXFileReference; lastKnownFileType = wrapper.framework; name = Siesta.framework; path = Carthage/Build/iOS/Siesta.framework; sourceTree = "<group>"; };
		C2B0844C217E709900CAF9EA /* SimpleKeychain.framework */ = {isa = PBXFileReference; lastKnownFileType = wrapper.framework; name = SimpleKeychain.framework; path = Carthage/Build/iOS/SimpleKeychain.framework; sourceTree = "<group>"; };
		C2B0844D217E709900CAF9EA /* Auth0.framework */ = {isa = PBXFileReference; lastKnownFileType = wrapper.framework; name = Auth0.framework; path = Carthage/Build/iOS/Auth0.framework; sourceTree = "<group>"; };
		C2B0844F217E709900CAF9EA /* RxSwift.framework */ = {isa = PBXFileReference; lastKnownFileType = wrapper.framework; name = RxSwift.framework; path = Carthage/Build/iOS/RxSwift.framework; sourceTree = "<group>"; };
/* End PBXFileReference section */

/* Begin PBXFrameworksBuildPhase section */
		04488163217924B700F59758 /* Frameworks */ = {
			isa = PBXFrameworksBuildPhase;
			buildActionMask = 2147483647;
			files = (
				C2B08450217E709900CAF9EA /* Stripe.framework in Frameworks */,
				C2B08451217E709900CAF9EA /* Siesta.framework in Frameworks */,
				C2B08455217E709900CAF9EA /* SimpleKeychain.framework in Frameworks */,
				C2B08456217E709900CAF9EA /* Auth0.framework in Frameworks */,
				C2B08458217E709900CAF9EA /* RxSwift.framework in Frameworks */,
			);
			runOnlyForDeploymentPostprocessing = 0;
		};
		C29802B92181EDA800FBC5C3 /* Frameworks */ = {
			isa = PBXFrameworksBuildPhase;
			buildActionMask = 2147483647;
			files = (
				C29802BA2181EDA800FBC5C3 /* Stripe.framework in Frameworks */,
				C29802BB2181EDA800FBC5C3 /* Siesta.framework in Frameworks */,
				C29802BC2181EDA800FBC5C3 /* SimpleKeychain.framework in Frameworks */,
				C29802BD2181EDA800FBC5C3 /* Auth0.framework in Frameworks */,
				C29802BE2181EDA800FBC5C3 /* RxSwift.framework in Frameworks */,
			);
			runOnlyForDeploymentPostprocessing = 0;
		};
/* End PBXFrameworksBuildPhase section */

/* Begin PBXGroup section */
		0448815D217924B700F59758 = {
			isa = PBXGroup;
			children = (
				04488168217924B700F59758 /* ostelco-ios-client */,
				04488167217924B700F59758 /* Products */,
				0448817F2179292200F59758 /* Frameworks */,
			);
			sourceTree = "<group>";
		};
		04488167217924B700F59758 /* Products */ = {
			isa = PBXGroup;
			children = (
				04488166217924B700F59758 /* ostelco-ios-client.app */,
				C29802CC2181EDA800FBC5C3 /* dev-ostelco-ios-client.app */,
			);
			name = Products;
			sourceTree = "<group>";
		};
		04488168217924B700F59758 /* ostelco-ios-client */ = {
			isa = PBXGroup;
			children = (
				04488169217924B700F59758 /* AppDelegate.swift */,
				0448816B217924B700F59758 /* HomeViewController.swift */,
				0448816D217924B700F59758 /* SettingsTableViewController.swift */,
				0448816F217924B700F59758 /* Main.storyboard */,
				04488172217924B800F59758 /* Assets.xcassets */,
				04488174217924B800F59758 /* LaunchScreen.storyboard */,
				04488177217924B800F59758 /* Info.plist */,
				C29802CD2181EDA800FBC5C3 /* dev-Info.plist */,
				0448817D2179287600F59758 /* LoginViewController.swift */,
				0448818D21792DF300F59758 /* Auth0.plist */,
				0448818F2179359700F59758 /* Switcher.swift */,
				04488191217938A300F59758 /* Auth.swift */,
				04488198217B42C200F59758 /* OstelcoAPI.swift */,
				0448819D217B4E4E00F59758 /* BundleModel.swift */,
				0448819F217B7CA100F59758 /* ProfileTableViewController.swift */,
				044881A1217B896800F59758 /* ProfileModel.swift */,
				044881A3217BA15100F59758 /* PurchaseHistoryTableViewController.swift */,
				044881A5217BA1B900F59758 /* PurchaseHistoryTableViewCell.swift */,
				044881A7217BA32B00F59758 /* PurchaseModel.swift */,
				044881A9217BA35C00F59758 /* ProductModel.swift */,
				044881AE217BFBD800F59758 /* UIHelpers.swift */,
			);
			path = "ostelco-ios-client";
			sourceTree = "<group>";
		};
		0448817F2179292200F59758 /* Frameworks */ = {
			isa = PBXGroup;
			children = (
				C2B0844D217E709900CAF9EA /* Auth0.framework */,
				C2B0844F217E709900CAF9EA /* RxSwift.framework */,
				C2B08448217E709900CAF9EA /* Siesta.framework */,
				C2B0844C217E709900CAF9EA /* SimpleKeychain.framework */,
				C2B08447217E709900CAF9EA /* Stripe.framework */,
			);
			name = Frameworks;
			sourceTree = "<group>";
		};
/* End PBXGroup section */

/* Begin PBXNativeTarget section */
		04488165217924B700F59758 /* ostelco-ios-client */ = {
			isa = PBXNativeTarget;
			buildConfigurationList = 0448817A217924B800F59758 /* Build configuration list for PBXNativeTarget "ostelco-ios-client" */;
			buildPhases = (
				04488162217924B700F59758 /* Sources */,
				04488163217924B700F59758 /* Frameworks */,
				04488164217924B700F59758 /* Resources */,
				044881822179296600F59758 /* Copy Carthage Frameworks */,
				04488183217929E600F59758 /* Warn About Outdated Carthage Frameworks */,
				C296D02C217E6E4200CE06B0 /* Embed Frameworks */,
			);
			buildRules = (
			);
			dependencies = (
			);
			name = "ostelco-ios-client";
			productName = "ostelco-ios-client";
			productReference = 04488166217924B700F59758 /* ostelco-ios-client.app */;
			productType = "com.apple.product-type.application";
		};
		C29802A82181EDA800FBC5C3 /* dev-ostelco-ios-client */ = {
			isa = PBXNativeTarget;
			buildConfigurationList = C29802C72181EDA800FBC5C3 /* Build configuration list for PBXNativeTarget "dev-ostelco-ios-client" */;
			buildPhases = (
				C29802A92181EDA800FBC5C3 /* Sources */,
				C29802B92181EDA800FBC5C3 /* Frameworks */,
				C29802BF2181EDA800FBC5C3 /* Resources */,
				C29802C42181EDA800FBC5C3 /* Copy Carthage Frameworks */,
				C29802C52181EDA800FBC5C3 /* Warn About Outdated Carthage Frameworks */,
				C29802C62181EDA800FBC5C3 /* Embed Frameworks */,
			);
			buildRules = (
			);
			dependencies = (
			);
			name = "dev-ostelco-ios-client";
			productName = "ostelco-ios-client";
			productReference = C29802CC2181EDA800FBC5C3 /* dev-ostelco-ios-client.app */;
			productType = "com.apple.product-type.application";
		};
/* End PBXNativeTarget section */

/* Begin PBXProject section */
		0448815E217924B700F59758 /* Project object */ = {
			isa = PBXProject;
			attributes = {
				LastSwiftUpdateCheck = 0940;
				LastUpgradeCheck = 0940;
				ORGANIZATIONNAME = mac;
				TargetAttributes = {
					04488165217924B700F59758 = {
						CreatedOnToolsVersion = 9.4.1;
						LastSwiftMigration = 1000;
					};
				};
			};
			buildConfigurationList = 04488161217924B700F59758 /* Build configuration list for PBXProject "ostelco-ios-client" */;
			compatibilityVersion = "Xcode 9.3";
			developmentRegion = en;
			hasScannedForEncodings = 0;
			knownRegions = (
				en,
				Base,
			);
			mainGroup = 0448815D217924B700F59758;
			productRefGroup = 04488167217924B700F59758 /* Products */;
			projectDirPath = "";
			projectRoot = "";
			targets = (
				04488165217924B700F59758 /* ostelco-ios-client */,
				C29802A82181EDA800FBC5C3 /* dev-ostelco-ios-client */,
			);
		};
/* End PBXProject section */

/* Begin PBXResourcesBuildPhase section */
		04488164217924B700F59758 /* Resources */ = {
			isa = PBXResourcesBuildPhase;
			buildActionMask = 2147483647;
			files = (
				04488176217924B800F59758 /* LaunchScreen.storyboard in Resources */,
				04488173217924B800F59758 /* Assets.xcassets in Resources */,
				04488171217924B700F59758 /* Main.storyboard in Resources */,
				0448818E21792DF300F59758 /* Auth0.plist in Resources */,
			);
			runOnlyForDeploymentPostprocessing = 0;
		};
		C29802BF2181EDA800FBC5C3 /* Resources */ = {
			isa = PBXResourcesBuildPhase;
			buildActionMask = 2147483647;
			files = (
				C29802C02181EDA800FBC5C3 /* LaunchScreen.storyboard in Resources */,
				C29802C12181EDA800FBC5C3 /* Assets.xcassets in Resources */,
				C29802C22181EDA800FBC5C3 /* Main.storyboard in Resources */,
				C29802C32181EDA800FBC5C3 /* Auth0.plist in Resources */,
			);
			runOnlyForDeploymentPostprocessing = 0;
		};
/* End PBXResourcesBuildPhase section */

/* Begin PBXShellScriptBuildPhase section */
		044881822179296600F59758 /* Copy Carthage Frameworks */ = {
			isa = PBXShellScriptBuildPhase;
			buildActionMask = 2147483647;
			files = (
			);
			inputPaths = (
				"$(SRCROOT)/Carthage/Build/iOS/Auth0.framework",
				"$(SRCROOT)/Carthage/Build/iOS/SimpleKeychain.framework",
				"$(SRCROOT)/Carthage/Build/iOS/RxSwift.framework",
				"$(SRCROOT)/Carthage/Build/iOS/Siesta.framework",
				"$(SRCROOT)/Carthage/Build/iOS/Stripe.framework",
				"$(SRCROOT)/Carthage/Build/iOS/SiestaUI.framework",
			);
			name = "Copy Carthage Frameworks";
			outputPaths = (
				"$(BUILT_PRODUCTS_DIR)/$(FRAMEWORKS_FOLDER_PATH)/Auth0.framework",
				"$(BUILT_PRODUCTS_DIR)/$(FRAMEWORKS_FOLDER_PATH)/SimpleKeychain.framework",
				"$(BUILT_PRODUCTS_DIR)/$(FRAMEWORKS_FOLDER_PATH)/RxSwift.framework",
				"$(BUILT_PRODUCTS_DIR)/$(FRAMEWORKS_FOLDER_PATH)/Siesta.framework",
				"$(BUILT_PRODUCTS_DIR)/$(FRAMEWORKS_FOLDER_PATH)/Stripe.framework",
				"$(BUILT_PRODUCTS_DIR)/$(FRAMEWORKS_FOLDER_PATH)/SiestaUI.framework",
			);
			runOnlyForDeploymentPostprocessing = 0;
			shellPath = /bin/sh;
			shellScript = "/usr/local/bin/carthage copy-frameworks\n";
		};
		04488183217929E600F59758 /* Warn About Outdated Carthage Frameworks */ = {
			isa = PBXShellScriptBuildPhase;
			buildActionMask = 2147483647;
			files = (
			);
			inputPaths = (
			);
			name = "Warn About Outdated Carthage Frameworks";
			outputPaths = (
			);
			runOnlyForDeploymentPostprocessing = 0;
			shellPath = /bin/sh;
			shellScript = "/usr/local/bin/carthage outdated --xcode-warnings\n";
		};
		C29802C42181EDA800FBC5C3 /* Copy Carthage Frameworks */ = {
			isa = PBXShellScriptBuildPhase;
			buildActionMask = 2147483647;
			files = (
			);
			inputPaths = (
				"$(SRCROOT)/Carthage/Build/iOS/Auth0.framework",
				"$(SRCROOT)/Carthage/Build/iOS/SimpleKeychain.framework",
				"$(SRCROOT)/Carthage/Build/iOS/RxSwift.framework",
				"$(SRCROOT)/Carthage/Build/iOS/Siesta.framework",
				"$(SRCROOT)/Carthage/Build/iOS/Stripe.framework",
				"$(SRCROOT)/Carthage/Build/iOS/SiestaUI.framework",
			);
			name = "Copy Carthage Frameworks";
			outputPaths = (
				"$(BUILT_PRODUCTS_DIR)/$(FRAMEWORKS_FOLDER_PATH)/Auth0.framework",
				"$(BUILT_PRODUCTS_DIR)/$(FRAMEWORKS_FOLDER_PATH)/SimpleKeychain.framework",
				"$(BUILT_PRODUCTS_DIR)/$(FRAMEWORKS_FOLDER_PATH)/RxSwift.framework",
				"$(BUILT_PRODUCTS_DIR)/$(FRAMEWORKS_FOLDER_PATH)/Siesta.framework",
				"$(BUILT_PRODUCTS_DIR)/$(FRAMEWORKS_FOLDER_PATH)/Stripe.framework",
				"$(BUILT_PRODUCTS_DIR)/$(FRAMEWORKS_FOLDER_PATH)/SiestaUI.framework",
			);
			runOnlyForDeploymentPostprocessing = 0;
			shellPath = /bin/sh;
			shellScript = "/usr/local/bin/carthage copy-frameworks\n";
		};
		C29802C52181EDA800FBC5C3 /* Warn About Outdated Carthage Frameworks */ = {
			isa = PBXShellScriptBuildPhase;
			buildActionMask = 2147483647;
			files = (
			);
			inputPaths = (
			);
			name = "Warn About Outdated Carthage Frameworks";
			outputPaths = (
			);
			runOnlyForDeploymentPostprocessing = 0;
			shellPath = /bin/sh;
			shellScript = "/usr/local/bin/carthage outdated --xcode-warnings\n";
		};
/* End PBXShellScriptBuildPhase section */

/* Begin PBXSourcesBuildPhase section */
		04488162217924B700F59758 /* Sources */ = {
			isa = PBXSourcesBuildPhase;
			buildActionMask = 2147483647;
			files = (
				044881902179359700F59758 /* Switcher.swift in Sources */,
				044881A6217BA1B900F59758 /* PurchaseHistoryTableViewCell.swift in Sources */,
				0448817E2179287600F59758 /* LoginViewController.swift in Sources */,
				04488199217B42C200F59758 /* OstelcoAPI.swift in Sources */,
				0448816E217924B700F59758 /* SettingsTableViewController.swift in Sources */,
				044881AA217BA35C00F59758 /* ProductModel.swift in Sources */,
				044881AF217BFBD800F59758 /* UIHelpers.swift in Sources */,
				0448816A217924B700F59758 /* AppDelegate.swift in Sources */,
				044881A2217B896800F59758 /* ProfileModel.swift in Sources */,
				04488192217938A300F59758 /* Auth.swift in Sources */,
				044881A0217B7CA100F59758 /* ProfileTableViewController.swift in Sources */,
				0448816C217924B700F59758 /* HomeViewController.swift in Sources */,
				044881A4217BA15100F59758 /* PurchaseHistoryTableViewController.swift in Sources */,
				0448819E217B4E4E00F59758 /* BundleModel.swift in Sources */,
				044881A8217BA32B00F59758 /* PurchaseModel.swift in Sources */,
			);
			runOnlyForDeploymentPostprocessing = 0;
		};
		C29802A92181EDA800FBC5C3 /* Sources */ = {
			isa = PBXSourcesBuildPhase;
			buildActionMask = 2147483647;
			files = (
				C29802AA2181EDA800FBC5C3 /* Switcher.swift in Sources */,
				C29802AB2181EDA800FBC5C3 /* PurchaseHistoryTableViewCell.swift in Sources */,
				C29802AC2181EDA800FBC5C3 /* LoginViewController.swift in Sources */,
				C29802AD2181EDA800FBC5C3 /* OstelcoAPI.swift in Sources */,
				C29802AE2181EDA800FBC5C3 /* SettingsTableViewController.swift in Sources */,
				C29802AF2181EDA800FBC5C3 /* ProductModel.swift in Sources */,
				C29802B02181EDA800FBC5C3 /* UIHelpers.swift in Sources */,
				C29802B12181EDA800FBC5C3 /* AppDelegate.swift in Sources */,
				C29802B22181EDA800FBC5C3 /* ProfileModel.swift in Sources */,
				C29802B32181EDA800FBC5C3 /* Auth.swift in Sources */,
				C29802B42181EDA800FBC5C3 /* ProfileTableViewController.swift in Sources */,
				C29802B52181EDA800FBC5C3 /* HomeViewController.swift in Sources */,
				C29802B62181EDA800FBC5C3 /* PurchaseHistoryTableViewController.swift in Sources */,
				C29802B72181EDA800FBC5C3 /* BundleModel.swift in Sources */,
				C29802B82181EDA800FBC5C3 /* PurchaseModel.swift in Sources */,
			);
			runOnlyForDeploymentPostprocessing = 0;
		};
/* End PBXSourcesBuildPhase section */

/* Begin PBXVariantGroup section */
		0448816F217924B700F59758 /* Main.storyboard */ = {
			isa = PBXVariantGroup;
			children = (
				04488170217924B700F59758 /* Base */,
			);
			name = Main.storyboard;
			sourceTree = "<group>";
		};
		04488174217924B800F59758 /* LaunchScreen.storyboard */ = {
			isa = PBXVariantGroup;
			children = (
				04488175217924B800F59758 /* Base */,
			);
			name = LaunchScreen.storyboard;
			sourceTree = "<group>";
		};
/* End PBXVariantGroup section */

/* Begin XCBuildConfiguration section */
		04488178217924B800F59758 /* Debug */ = {
			isa = XCBuildConfiguration;
			buildSettings = {
				ALWAYS_SEARCH_USER_PATHS = NO;
				CLANG_ANALYZER_NONNULL = YES;
				CLANG_ANALYZER_NUMBER_OBJECT_CONVERSION = YES_AGGRESSIVE;
				CLANG_CXX_LANGUAGE_STANDARD = "gnu++14";
				CLANG_CXX_LIBRARY = "libc++";
				CLANG_ENABLE_MODULES = YES;
				CLANG_ENABLE_OBJC_ARC = YES;
				CLANG_ENABLE_OBJC_WEAK = YES;
				CLANG_WARN_BLOCK_CAPTURE_AUTORELEASING = YES;
				CLANG_WARN_BOOL_CONVERSION = YES;
				CLANG_WARN_COMMA = YES;
				CLANG_WARN_CONSTANT_CONVERSION = YES;
				CLANG_WARN_DEPRECATED_OBJC_IMPLEMENTATIONS = YES;
				CLANG_WARN_DIRECT_OBJC_ISA_USAGE = YES_ERROR;
				CLANG_WARN_DOCUMENTATION_COMMENTS = YES;
				CLANG_WARN_EMPTY_BODY = YES;
				CLANG_WARN_ENUM_CONVERSION = YES;
				CLANG_WARN_INFINITE_RECURSION = YES;
				CLANG_WARN_INT_CONVERSION = YES;
				CLANG_WARN_NON_LITERAL_NULL_CONVERSION = YES;
				CLANG_WARN_OBJC_IMPLICIT_RETAIN_SELF = YES;
				CLANG_WARN_OBJC_LITERAL_CONVERSION = YES;
				CLANG_WARN_OBJC_ROOT_CLASS = YES_ERROR;
				CLANG_WARN_RANGE_LOOP_ANALYSIS = YES;
				CLANG_WARN_STRICT_PROTOTYPES = YES;
				CLANG_WARN_SUSPICIOUS_MOVE = YES;
				CLANG_WARN_UNGUARDED_AVAILABILITY = YES_AGGRESSIVE;
				CLANG_WARN_UNREACHABLE_CODE = YES;
				CLANG_WARN__DUPLICATE_METHOD_MATCH = YES;
				CODE_SIGN_IDENTITY = "iPhone Developer";
				COPY_PHASE_STRIP = NO;
				DEBUG_INFORMATION_FORMAT = dwarf;
				ENABLE_STRICT_OBJC_MSGSEND = YES;
				ENABLE_TESTABILITY = YES;
				GCC_C_LANGUAGE_STANDARD = gnu11;
				GCC_DYNAMIC_NO_PIC = NO;
				GCC_NO_COMMON_BLOCKS = YES;
				GCC_OPTIMIZATION_LEVEL = 0;
				GCC_PREPROCESSOR_DEFINITIONS = (
					"DEBUG=1",
					"$(inherited)",
				);
				GCC_WARN_64_TO_32_BIT_CONVERSION = YES;
				GCC_WARN_ABOUT_RETURN_TYPE = YES_ERROR;
				GCC_WARN_UNDECLARED_SELECTOR = YES;
				GCC_WARN_UNINITIALIZED_AUTOS = YES_AGGRESSIVE;
				GCC_WARN_UNUSED_FUNCTION = YES;
				GCC_WARN_UNUSED_VARIABLE = YES;
				IPHONEOS_DEPLOYMENT_TARGET = 11.4;
				MTL_ENABLE_DEBUG_INFO = YES;
				ONLY_ACTIVE_ARCH = YES;
				SDKROOT = iphoneos;
				SWIFT_ACTIVE_COMPILATION_CONDITIONS = DEBUG;
				SWIFT_OPTIMIZATION_LEVEL = "-Onone";
			};
			name = Debug;
		};
		04488179217924B800F59758 /* Release */ = {
			isa = XCBuildConfiguration;
			buildSettings = {
				ALWAYS_SEARCH_USER_PATHS = NO;
				CLANG_ANALYZER_NONNULL = YES;
				CLANG_ANALYZER_NUMBER_OBJECT_CONVERSION = YES_AGGRESSIVE;
				CLANG_CXX_LANGUAGE_STANDARD = "gnu++14";
				CLANG_CXX_LIBRARY = "libc++";
				CLANG_ENABLE_MODULES = YES;
				CLANG_ENABLE_OBJC_ARC = YES;
				CLANG_ENABLE_OBJC_WEAK = YES;
				CLANG_WARN_BLOCK_CAPTURE_AUTORELEASING = YES;
				CLANG_WARN_BOOL_CONVERSION = YES;
				CLANG_WARN_COMMA = YES;
				CLANG_WARN_CONSTANT_CONVERSION = YES;
				CLANG_WARN_DEPRECATED_OBJC_IMPLEMENTATIONS = YES;
				CLANG_WARN_DIRECT_OBJC_ISA_USAGE = YES_ERROR;
				CLANG_WARN_DOCUMENTATION_COMMENTS = YES;
				CLANG_WARN_EMPTY_BODY = YES;
				CLANG_WARN_ENUM_CONVERSION = YES;
				CLANG_WARN_INFINITE_RECURSION = YES;
				CLANG_WARN_INT_CONVERSION = YES;
				CLANG_WARN_NON_LITERAL_NULL_CONVERSION = YES;
				CLANG_WARN_OBJC_IMPLICIT_RETAIN_SELF = YES;
				CLANG_WARN_OBJC_LITERAL_CONVERSION = YES;
				CLANG_WARN_OBJC_ROOT_CLASS = YES_ERROR;
				CLANG_WARN_RANGE_LOOP_ANALYSIS = YES;
				CLANG_WARN_STRICT_PROTOTYPES = YES;
				CLANG_WARN_SUSPICIOUS_MOVE = YES;
				CLANG_WARN_UNGUARDED_AVAILABILITY = YES_AGGRESSIVE;
				CLANG_WARN_UNREACHABLE_CODE = YES;
				CLANG_WARN__DUPLICATE_METHOD_MATCH = YES;
				CODE_SIGN_IDENTITY = "iPhone Developer";
				COPY_PHASE_STRIP = NO;
				DEBUG_INFORMATION_FORMAT = "dwarf-with-dsym";
				ENABLE_NS_ASSERTIONS = NO;
				ENABLE_STRICT_OBJC_MSGSEND = YES;
				GCC_C_LANGUAGE_STANDARD = gnu11;
				GCC_NO_COMMON_BLOCKS = YES;
				GCC_WARN_64_TO_32_BIT_CONVERSION = YES;
				GCC_WARN_ABOUT_RETURN_TYPE = YES_ERROR;
				GCC_WARN_UNDECLARED_SELECTOR = YES;
				GCC_WARN_UNINITIALIZED_AUTOS = YES_AGGRESSIVE;
				GCC_WARN_UNUSED_FUNCTION = YES;
				GCC_WARN_UNUSED_VARIABLE = YES;
				IPHONEOS_DEPLOYMENT_TARGET = 11.4;
				MTL_ENABLE_DEBUG_INFO = NO;
				SDKROOT = iphoneos;
				SWIFT_COMPILATION_MODE = wholemodule;
				SWIFT_OPTIMIZATION_LEVEL = "-O";
				VALIDATE_PRODUCT = YES;
			};
			name = Release;
		};
		0448817B217924B800F59758 /* Debug */ = {
			isa = XCBuildConfiguration;
			buildSettings = {
				ASSETCATALOG_COMPILER_APPICON_NAME = AppIcon;
				CODE_SIGN_STYLE = Manual;
				DEVELOPMENT_TEAM = 2R8HFAXUXD;
				FRAMEWORK_SEARCH_PATHS = (
					"$(inherited)",
					"$(PROJECT_DIR)/Carthage/Build/iOS",
				);
				INFOPLIST_FILE = "ostelco-ios-client/Info.plist";
				LD_RUNPATH_SEARCH_PATHS = (
					"$(inherited)",
					"@executable_path/Frameworks",
				);
				PRODUCT_BUNDLE_IDENTIFIER = sg.redotter.selfcare;
				PRODUCT_MODULE_NAME = "$(PRODUCT_NAME:c99extidentifier)_app";
				PRODUCT_NAME = "$(TARGET_NAME)";
				PROVISIONING_PROFILE_SPECIFIER = "match Development sg.redotter.selfcare";
				SWIFT_VERSION = 4.2;
				TARGETED_DEVICE_FAMILY = "1,2";
			};
			name = Debug;
		};
		0448817C217924B800F59758 /* Release */ = {
			isa = XCBuildConfiguration;
			buildSettings = {
				ASSETCATALOG_COMPILER_APPICON_NAME = AppIcon;
				CODE_SIGN_IDENTITY = "iPhone Distribution";
				CODE_SIGN_STYLE = Manual;
				DEVELOPMENT_TEAM = 2R8HFAXUXD;
				FRAMEWORK_SEARCH_PATHS = (
					"$(inherited)",
					"$(PROJECT_DIR)/Carthage/Build/iOS",
				);
				INFOPLIST_FILE = "ostelco-ios-client/Info.plist";
				LD_RUNPATH_SEARCH_PATHS = (
					"$(inherited)",
					"@executable_path/Frameworks",
				);
				PRODUCT_BUNDLE_IDENTIFIER = sg.redotter.selfcare;
				PRODUCT_MODULE_NAME = "$(PRODUCT_NAME:c99extidentifier)_app";
				PRODUCT_NAME = "$(TARGET_NAME)";
				PROVISIONING_PROFILE_SPECIFIER = "match AppStore sg.redotter.selfcare";
				SWIFT_VERSION = 4.2;
				TARGETED_DEVICE_FAMILY = "1,2";
			};
			name = Release;
		};
		C29802C82181EDA800FBC5C3 /* Debug */ = {
			isa = XCBuildConfiguration;
			buildSettings = {
				ASSETCATALOG_COMPILER_APPICON_NAME = AppIcon;
				CODE_SIGN_STYLE = Manual;
				CURRENT_PROJECT_VERSION = 8;
				DEVELOPMENT_TEAM = 2R8HFAXUXD;
				FRAMEWORK_SEARCH_PATHS = (
					"$(inherited)",
					"$(PROJECT_DIR)/Carthage/Build/iOS",
				);
				INFOPLIST_FILE = "ostelco-ios-client/dev-Info.plist";
				LD_RUNPATH_SEARCH_PATHS = (
					"$(inherited)",
					"@executable_path/Frameworks",
				);
				PRODUCT_BUNDLE_IDENTIFIER = sg.redotter.dev.selfcare;
				PRODUCT_MODULE_NAME = "$(PRODUCT_NAME:c99extidentifier)_app";
				PRODUCT_NAME = "$(TARGET_NAME)";
				PROVISIONING_PROFILE_SPECIFIER = "match Development sg.redotter.dev.selfcare";
				SWIFT_VERSION = 4.2;
				TARGETED_DEVICE_FAMILY = "1,2";
				VERSIONING_SYSTEM = "apple-generic";
			};
			name = Debug;
		};
		C29802CA2181EDA800FBC5C3 /* Release */ = {
			isa = XCBuildConfiguration;
			buildSettings = {
				ASSETCATALOG_COMPILER_APPICON_NAME = AppIcon;
				CODE_SIGN_IDENTITY = "iPhone Distribution";
				CODE_SIGN_STYLE = Manual;
				CURRENT_PROJECT_VERSION = 8;
				DEVELOPMENT_TEAM = 2R8HFAXUXD;
				FRAMEWORK_SEARCH_PATHS = (
					"$(inherited)",
					"$(PROJECT_DIR)/Carthage/Build/iOS",
				);
				INFOPLIST_FILE = "ostelco-ios-client/dev-Info.plist";
				LD_RUNPATH_SEARCH_PATHS = (
					"$(inherited)",
					"@executable_path/Frameworks",
				);
				PRODUCT_BUNDLE_IDENTIFIER = sg.redotter.dev.selfcare;
				PRODUCT_MODULE_NAME = "$(PRODUCT_NAME:c99extidentifier)_app";
				PRODUCT_NAME = "$(TARGET_NAME)";
				PROVISIONING_PROFILE_SPECIFIER = "match AppStore sg.redotter.dev.selfcare";
				SWIFT_VERSION = 4.2;
				TARGETED_DEVICE_FAMILY = "1,2";
				VERSIONING_SYSTEM = "apple-generic";
			};
			name = Release;
		};
/* End XCBuildConfiguration section */

/* Begin XCConfigurationList section */
		04488161217924B700F59758 /* Build configuration list for PBXProject "ostelco-ios-client" */ = {
			isa = XCConfigurationList;
			buildConfigurations = (
				04488178217924B800F59758 /* Debug */,
				04488179217924B800F59758 /* Release */,
			);
			defaultConfigurationIsVisible = 0;
			defaultConfigurationName = Release;
		};
		0448817A217924B800F59758 /* Build configuration list for PBXNativeTarget "ostelco-ios-client" */ = {
			isa = XCConfigurationList;
			buildConfigurations = (
				0448817B217924B800F59758 /* Debug */,
				0448817C217924B800F59758 /* Release */,
			);
			defaultConfigurationIsVisible = 0;
			defaultConfigurationName = Release;
		};
		C29802C72181EDA800FBC5C3 /* Build configuration list for PBXNativeTarget "dev-ostelco-ios-client" */ = {
			isa = XCConfigurationList;
			buildConfigurations = (
				C29802C82181EDA800FBC5C3 /* Debug */,
				C29802CA2181EDA800FBC5C3 /* Release */,
			);
			defaultConfigurationIsVisible = 0;
			defaultConfigurationName = Release;
		};
/* End XCConfigurationList section */
	};
	rootObject = 0448815E217924B700F59758 /* Project object */;
}
