// !$*UTF8*$!
{
	archiveVersion = 1;
	classes = {
	};
	objectVersion = 50;
	objects = {

/* Begin PBXBuildFile section */
		0420C5DA2193BB0400FF6AEC /* Auth0Development.plist in Resources */ = {isa = PBXBuildFile; fileRef = 0420C5D92193BB0400FF6AEC /* Auth0Development.plist */; };
		0420C5DC2193BB1B00FF6AEC /* Auth0Production.plist in Resources */ = {isa = PBXBuildFile; fileRef = 0420C5DB2193BB1B00FF6AEC /* Auth0Production.plist */; };
		0420C5DD2193BB4000FF6AEC /* Auth0Development.plist in Resources */ = {isa = PBXBuildFile; fileRef = 0420C5D92193BB0400FF6AEC /* Auth0Development.plist */; };
		0420C5DE2193BB4200FF6AEC /* Auth0Production.plist in Resources */ = {isa = PBXBuildFile; fileRef = 0420C5DB2193BB1B00FF6AEC /* Auth0Production.plist */; };
		0448816A217924B700F59758 /* AppDelegate.swift in Sources */ = {isa = PBXBuildFile; fileRef = 04488169217924B700F59758 /* AppDelegate.swift */; };
		0448816C217924B700F59758 /* HomeViewController.swift in Sources */ = {isa = PBXBuildFile; fileRef = 0448816B217924B700F59758 /* HomeViewController.swift */; };
		0448816E217924B700F59758 /* SettingsTableViewController.swift in Sources */ = {isa = PBXBuildFile; fileRef = 0448816D217924B700F59758 /* SettingsTableViewController.swift */; };
		04488171217924B700F59758 /* Main.storyboard in Resources */ = {isa = PBXBuildFile; fileRef = 0448816F217924B700F59758 /* Main.storyboard */; };
		0448817E2179287600F59758 /* LoginViewController.swift in Sources */ = {isa = PBXBuildFile; fileRef = 0448817D2179287600F59758 /* LoginViewController.swift */; };
		04488192217938A300F59758 /* Auth.swift in Sources */ = {isa = PBXBuildFile; fileRef = 04488191217938A300F59758 /* Auth.swift */; };
		04488199217B42C200F59758 /* OstelcoAPI.swift in Sources */ = {isa = PBXBuildFile; fileRef = 04488198217B42C200F59758 /* OstelcoAPI.swift */; };
		0448819E217B4E4E00F59758 /* BundleModel.swift in Sources */ = {isa = PBXBuildFile; fileRef = 0448819D217B4E4E00F59758 /* BundleModel.swift */; };
		044881A0217B7CA100F59758 /* ProfileTableViewController.swift in Sources */ = {isa = PBXBuildFile; fileRef = 0448819F217B7CA100F59758 /* ProfileTableViewController.swift */; };
		044881A2217B896800F59758 /* ProfileModel.swift in Sources */ = {isa = PBXBuildFile; fileRef = 044881A1217B896800F59758 /* ProfileModel.swift */; };
		044881A4217BA15100F59758 /* PurchaseHistoryTableViewController.swift in Sources */ = {isa = PBXBuildFile; fileRef = 044881A3217BA15100F59758 /* PurchaseHistoryTableViewController.swift */; };
		044881A6217BA1B900F59758 /* PurchaseHistoryTableViewCell.swift in Sources */ = {isa = PBXBuildFile; fileRef = 044881A5217BA1B900F59758 /* PurchaseHistoryTableViewCell.swift */; };
		044881A8217BA32B00F59758 /* PurchaseModel.swift in Sources */ = {isa = PBXBuildFile; fileRef = 044881A7217BA32B00F59758 /* PurchaseModel.swift */; };
		044881AA217BA35C00F59758 /* ProductModel.swift in Sources */ = {isa = PBXBuildFile; fileRef = 044881A9217BA35C00F59758 /* ProductModel.swift */; };
		044881AF217BFBD800F59758 /* UIHelpers.swift in Sources */ = {isa = PBXBuildFile; fileRef = 044881AE217BFBD800F59758 /* UIHelpers.swift */; };
		045D743B2195D30700F01D57 /* RootViewController.swift in Sources */ = {isa = PBXBuildFile; fileRef = 045D743A2195D30700F01D57 /* RootViewController.swift */; };
		045D743C2195D30700F01D57 /* RootViewController.swift in Sources */ = {isa = PBXBuildFile; fileRef = 045D743A2195D30700F01D57 /* RootViewController.swift */; };
		045D743E2195D3C200F01D57 /* SplashScreenViewController.swift in Sources */ = {isa = PBXBuildFile; fileRef = 045D743D2195D3C200F01D57 /* SplashScreenViewController.swift */; };
		045D743F2195D3C200F01D57 /* SplashScreenViewController.swift in Sources */ = {isa = PBXBuildFile; fileRef = 045D743D2195D3C200F01D57 /* SplashScreenViewController.swift */; };
		048C787C2191C9660041F135 /* ThemeManager.swift in Sources */ = {isa = PBXBuildFile; fileRef = 048C787B2191C9660041F135 /* ThemeManager.swift */; };
		048C787D2191C9BF0041F135 /* ThemeManager.swift in Sources */ = {isa = PBXBuildFile; fileRef = 048C787B2191C9660041F135 /* ThemeManager.swift */; };
		048C78812191ED430041F135 /* Assets.xcassets in Resources */ = {isa = PBXBuildFile; fileRef = 04488172217924B800F59758 /* Assets.xcassets */; };
		048C78822191ED430041F135 /* Assets.xcassets in Resources */ = {isa = PBXBuildFile; fileRef = 04488172217924B800F59758 /* Assets.xcassets */; };
		048C78D92191F46D0041F135 /* LaunchScreen.storyboard in Resources */ = {isa = PBXBuildFile; fileRef = 048C78D82191F46D0041F135 /* LaunchScreen.storyboard */; };
		048C78DA2191F46D0041F135 /* LaunchScreen.storyboard in Resources */ = {isa = PBXBuildFile; fileRef = 048C78D82191F46D0041F135 /* LaunchScreen.storyboard */; };
		04D1D1372197D2FD00551B0E /* FreshchatCarthage.framework in Frameworks */ = {isa = PBXBuildFile; fileRef = 04D1D1362197D2FD00551B0E /* FreshchatCarthage.framework */; };
		04D1D1382197D30100551B0E /* FreshchatCarthage.framework in Frameworks */ = {isa = PBXBuildFile; fileRef = 04D1D1362197D2FD00551B0E /* FreshchatCarthage.framework */; };
		04EC5AE221886316000C2EC3 /* Payment.swift in Sources */ = {isa = PBXBuildFile; fileRef = 04EC5AE021886316000C2EC3 /* Payment.swift */; };
		04EC5AE8218873BF000C2EC3 /* Environment.swift in Sources */ = {isa = PBXBuildFile; fileRef = 04EC5AE7218872BA000C2EC3 /* Environment.swift */; };
		04EC5AE9218873C0000C2EC3 /* Environment.swift in Sources */ = {isa = PBXBuildFile; fileRef = 04EC5AE7218872BA000C2EC3 /* Environment.swift */; };
		536C95D88072551C26FB7460 /* Pods_dev_ostelco_ios_client.framework in Frameworks */ = {isa = PBXBuildFile; fileRef = A120EC1DAD565851D4A9F2A0 /* Pods_dev_ostelco_ios_client.framework */; };
		7289B1A92407CB10223AA975 /* Pods_dev_ostelco_ios_clientTests.framework in Frameworks */ = {isa = PBXBuildFile; fileRef = 319FEF612CDD59BEDC6EF23E /* Pods_dev_ostelco_ios_clientTests.framework */; };
		C2236F0D218A414C00B135C0 /* dev_ostelco_ios_clientTests.swift in Sources */ = {isa = PBXBuildFile; fileRef = C2236F0C218A414C00B135C0 /* dev_ostelco_ios_clientTests.swift */; };
		C29802AB2181EDA800FBC5C3 /* PurchaseHistoryTableViewCell.swift in Sources */ = {isa = PBXBuildFile; fileRef = 044881A5217BA1B900F59758 /* PurchaseHistoryTableViewCell.swift */; };
		C29802AC2181EDA800FBC5C3 /* LoginViewController.swift in Sources */ = {isa = PBXBuildFile; fileRef = 0448817D2179287600F59758 /* LoginViewController.swift */; };
		C29802AD2181EDA800FBC5C3 /* OstelcoAPI.swift in Sources */ = {isa = PBXBuildFile; fileRef = 04488198217B42C200F59758 /* OstelcoAPI.swift */; };
		C29802AE2181EDA800FBC5C3 /* SettingsTableViewController.swift in Sources */ = {isa = PBXBuildFile; fileRef = 0448816D217924B700F59758 /* SettingsTableViewController.swift */; };
		C29802AF2181EDA800FBC5C3 /* ProductModel.swift in Sources */ = {isa = PBXBuildFile; fileRef = 044881A9217BA35C00F59758 /* ProductModel.swift */; };
		C29802B02181EDA800FBC5C3 /* UIHelpers.swift in Sources */ = {isa = PBXBuildFile; fileRef = 044881AE217BFBD800F59758 /* UIHelpers.swift */; };
		C29802B12181EDA800FBC5C3 /* AppDelegate.swift in Sources */ = {isa = PBXBuildFile; fileRef = 04488169217924B700F59758 /* AppDelegate.swift */; };
		C29802B22181EDA800FBC5C3 /* ProfileModel.swift in Sources */ = {isa = PBXBuildFile; fileRef = 044881A1217B896800F59758 /* ProfileModel.swift */; };
		C29802B32181EDA800FBC5C3 /* Auth.swift in Sources */ = {isa = PBXBuildFile; fileRef = 04488191217938A300F59758 /* Auth.swift */; };
		C29802B42181EDA800FBC5C3 /* ProfileTableViewController.swift in Sources */ = {isa = PBXBuildFile; fileRef = 0448819F217B7CA100F59758 /* ProfileTableViewController.swift */; };
		C29802B52181EDA800FBC5C3 /* HomeViewController.swift in Sources */ = {isa = PBXBuildFile; fileRef = 0448816B217924B700F59758 /* HomeViewController.swift */; };
		C29802B62181EDA800FBC5C3 /* PurchaseHistoryTableViewController.swift in Sources */ = {isa = PBXBuildFile; fileRef = 044881A3217BA15100F59758 /* PurchaseHistoryTableViewController.swift */; };
		C29802B72181EDA800FBC5C3 /* BundleModel.swift in Sources */ = {isa = PBXBuildFile; fileRef = 0448819D217B4E4E00F59758 /* BundleModel.swift */; };
		C29802B82181EDA800FBC5C3 /* PurchaseModel.swift in Sources */ = {isa = PBXBuildFile; fileRef = 044881A7217BA32B00F59758 /* PurchaseModel.swift */; };
		C29802BA2181EDA800FBC5C3 /* Stripe.framework in Frameworks */ = {isa = PBXBuildFile; fileRef = C2B08447217E709900CAF9EA /* Stripe.framework */; };
		C29802BB2181EDA800FBC5C3 /* Siesta.framework in Frameworks */ = {isa = PBXBuildFile; fileRef = C2B08448217E709900CAF9EA /* Siesta.framework */; };
		C29802BC2181EDA800FBC5C3 /* SimpleKeychain.framework in Frameworks */ = {isa = PBXBuildFile; fileRef = C2B0844C217E709900CAF9EA /* SimpleKeychain.framework */; };
		C29802BD2181EDA800FBC5C3 /* Auth0.framework in Frameworks */ = {isa = PBXBuildFile; fileRef = C2B0844D217E709900CAF9EA /* Auth0.framework */; };
		C29802BE2181EDA800FBC5C3 /* RxSwift.framework in Frameworks */ = {isa = PBXBuildFile; fileRef = C2B0844F217E709900CAF9EA /* RxSwift.framework */; };
		C29802C22181EDA800FBC5C3 /* Main.storyboard in Resources */ = {isa = PBXBuildFile; fileRef = 0448816F217924B700F59758 /* Main.storyboard */; };
		C2B08450217E709900CAF9EA /* Stripe.framework in Frameworks */ = {isa = PBXBuildFile; fileRef = C2B08447217E709900CAF9EA /* Stripe.framework */; };
		C2B08451217E709900CAF9EA /* Siesta.framework in Frameworks */ = {isa = PBXBuildFile; fileRef = C2B08448217E709900CAF9EA /* Siesta.framework */; };
		C2B08455217E709900CAF9EA /* SimpleKeychain.framework in Frameworks */ = {isa = PBXBuildFile; fileRef = C2B0844C217E709900CAF9EA /* SimpleKeychain.framework */; };
		C2B08456217E709900CAF9EA /* Auth0.framework in Frameworks */ = {isa = PBXBuildFile; fileRef = C2B0844D217E709900CAF9EA /* Auth0.framework */; };
		C2B08458217E709900CAF9EA /* RxSwift.framework in Frameworks */ = {isa = PBXBuildFile; fileRef = C2B0844F217E709900CAF9EA /* RxSwift.framework */; };
		F825D31F4466FE90F09A6904 /* Pods_ostelco_ios_client.framework in Frameworks */ = {isa = PBXBuildFile; fileRef = 4CEB7C10C3F49F7D43E3CAB6 /* Pods_ostelco_ios_client.framework */; };
/* End PBXBuildFile section */

/* Begin PBXContainerItemProxy section */
		C2236F0F218A414C00B135C0 /* PBXContainerItemProxy */ = {
			isa = PBXContainerItemProxy;
			containerPortal = 0448815E217924B700F59758 /* Project object */;
			proxyType = 1;
			remoteGlobalIDString = C29802A82181EDA800FBC5C3;
			remoteInfo = "dev-ostelco-ios-client";
		};
/* End PBXContainerItemProxy section */

/* Begin PBXCopyFilesBuildPhase section */
		048361AC219701BC00D990A3 /* Embed Frameworks */ = {
			isa = PBXCopyFilesBuildPhase;
			buildActionMask = 2147483647;
			dstPath = "";
			dstSubfolderSpec = 10;
			files = (
			);
			name = "Embed Frameworks";
			runOnlyForDeploymentPostprocessing = 0;
		};
/* End PBXCopyFilesBuildPhase section */

/* Begin PBXFileReference section */
		0420C5D92193BB0400FF6AEC /* Auth0Development.plist */ = {isa = PBXFileReference; lastKnownFileType = text.plist.xml; path = Auth0Development.plist; sourceTree = "<group>"; };
		0420C5DB2193BB1B00FF6AEC /* Auth0Production.plist */ = {isa = PBXFileReference; lastKnownFileType = text.plist.xml; path = Auth0Production.plist; sourceTree = "<group>"; };
		04488166217924B700F59758 /* ostelco-ios-client.app */ = {isa = PBXFileReference; explicitFileType = wrapper.application; includeInIndex = 0; path = "ostelco-ios-client.app"; sourceTree = BUILT_PRODUCTS_DIR; };
		04488169217924B700F59758 /* AppDelegate.swift */ = {isa = PBXFileReference; lastKnownFileType = sourcecode.swift; path = AppDelegate.swift; sourceTree = "<group>"; };
		0448816B217924B700F59758 /* HomeViewController.swift */ = {isa = PBXFileReference; lastKnownFileType = sourcecode.swift; path = HomeViewController.swift; sourceTree = "<group>"; };
		0448816D217924B700F59758 /* SettingsTableViewController.swift */ = {isa = PBXFileReference; lastKnownFileType = sourcecode.swift; path = SettingsTableViewController.swift; sourceTree = "<group>"; };
		04488170217924B700F59758 /* Base */ = {isa = PBXFileReference; lastKnownFileType = file.storyboard; name = Base; path = Base.lproj/Main.storyboard; sourceTree = "<group>"; };
		04488172217924B800F59758 /* Assets.xcassets */ = {isa = PBXFileReference; lastKnownFileType = folder.assetcatalog; path = Assets.xcassets; sourceTree = "<group>"; };
		04488177217924B800F59758 /* Production.plist */ = {isa = PBXFileReference; lastKnownFileType = text.plist.xml; path = Production.plist; sourceTree = "<group>"; };
		0448817D2179287600F59758 /* LoginViewController.swift */ = {isa = PBXFileReference; lastKnownFileType = sourcecode.swift; path = LoginViewController.swift; sourceTree = "<group>"; };
		04488191217938A300F59758 /* Auth.swift */ = {isa = PBXFileReference; lastKnownFileType = sourcecode.swift; path = Auth.swift; sourceTree = "<group>"; };
		04488198217B42C200F59758 /* OstelcoAPI.swift */ = {isa = PBXFileReference; lastKnownFileType = sourcecode.swift; path = OstelcoAPI.swift; sourceTree = "<group>"; };
		0448819D217B4E4E00F59758 /* BundleModel.swift */ = {isa = PBXFileReference; lastKnownFileType = sourcecode.swift; path = BundleModel.swift; sourceTree = "<group>"; };
		0448819F217B7CA100F59758 /* ProfileTableViewController.swift */ = {isa = PBXFileReference; lastKnownFileType = sourcecode.swift; path = ProfileTableViewController.swift; sourceTree = "<group>"; };
		044881A1217B896800F59758 /* ProfileModel.swift */ = {isa = PBXFileReference; lastKnownFileType = sourcecode.swift; path = ProfileModel.swift; sourceTree = "<group>"; };
		044881A3217BA15100F59758 /* PurchaseHistoryTableViewController.swift */ = {isa = PBXFileReference; lastKnownFileType = sourcecode.swift; path = PurchaseHistoryTableViewController.swift; sourceTree = "<group>"; };
		044881A5217BA1B900F59758 /* PurchaseHistoryTableViewCell.swift */ = {isa = PBXFileReference; lastKnownFileType = sourcecode.swift; path = PurchaseHistoryTableViewCell.swift; sourceTree = "<group>"; };
		044881A7217BA32B00F59758 /* PurchaseModel.swift */ = {isa = PBXFileReference; lastKnownFileType = sourcecode.swift; path = PurchaseModel.swift; sourceTree = "<group>"; };
		044881A9217BA35C00F59758 /* ProductModel.swift */ = {isa = PBXFileReference; lastKnownFileType = sourcecode.swift; path = ProductModel.swift; sourceTree = "<group>"; };
		044881AE217BFBD800F59758 /* UIHelpers.swift */ = {isa = PBXFileReference; lastKnownFileType = sourcecode.swift; path = UIHelpers.swift; sourceTree = "<group>"; };
		045D743A2195D30700F01D57 /* RootViewController.swift */ = {isa = PBXFileReference; lastKnownFileType = sourcecode.swift; path = RootViewController.swift; sourceTree = "<group>"; };
		045D743D2195D3C200F01D57 /* SplashScreenViewController.swift */ = {isa = PBXFileReference; lastKnownFileType = sourcecode.swift; path = SplashScreenViewController.swift; sourceTree = "<group>"; };
		0485E5CE2197BCC400758738 /* Bugsee.framework */ = {isa = PBXFileReference; lastKnownFileType = wrapper.framework; name = Bugsee.framework; path = Carthage/Build/iOS/Bugsee.framework; sourceTree = "<group>"; };
		0485E5D52197C9B200758738 /* ostelco-ios-client-Bridging-Header.h */ = {isa = PBXFileReference; lastKnownFileType = sourcecode.c.h; path = "ostelco-ios-client-Bridging-Header.h"; sourceTree = "<group>"; };
		048C787B2191C9660041F135 /* ThemeManager.swift */ = {isa = PBXFileReference; lastKnownFileType = sourcecode.swift; path = ThemeManager.swift; sourceTree = "<group>"; };
		048C78D82191F46D0041F135 /* LaunchScreen.storyboard */ = {isa = PBXFileReference; lastKnownFileType = file.storyboard; path = LaunchScreen.storyboard; sourceTree = "<group>"; };
		04D1D1362197D2FD00551B0E /* FreshchatCarthage.framework */ = {isa = PBXFileReference; lastKnownFileType = wrapper.framework; name = FreshchatCarthage.framework; path = Carthage/Build/iOS/FreshchatCarthage.framework; sourceTree = "<group>"; };
		04EC5ADD21884ABD000C2EC3 /* dev-ostelco-ios-client.entitlements */ = {isa = PBXFileReference; lastKnownFileType = text.plist.entitlements; path = "dev-ostelco-ios-client.entitlements"; sourceTree = "<group>"; };
		04EC5AE021886316000C2EC3 /* Payment.swift */ = {isa = PBXFileReference; lastKnownFileType = sourcecode.swift; path = Payment.swift; sourceTree = "<group>"; };
		04EC5AE321887123000C2EC3 /* Production.xcconfig */ = {isa = PBXFileReference; lastKnownFileType = text.xcconfig; path = Production.xcconfig; sourceTree = "<group>"; };
		04EC5AE521887137000C2EC3 /* Development.xcconfig */ = {isa = PBXFileReference; lastKnownFileType = text.xcconfig; path = Development.xcconfig; sourceTree = "<group>"; };
		04EC5AE7218872BA000C2EC3 /* Environment.swift */ = {isa = PBXFileReference; lastKnownFileType = sourcecode.swift; path = Environment.swift; sourceTree = "<group>"; };
		04EC5AEA2188743B000C2EC3 /* Development.plist */ = {isa = PBXFileReference; lastKnownFileType = text.plist.xml; path = Development.plist; sourceTree = "<group>"; };
		04EC5AEB21887935000C2EC3 /* ostelco-ios-client.entitlements */ = {isa = PBXFileReference; lastKnownFileType = text.plist.entitlements; path = "ostelco-ios-client.entitlements"; sourceTree = "<group>"; };
		319FEF612CDD59BEDC6EF23E /* Pods_dev_ostelco_ios_clientTests.framework */ = {isa = PBXFileReference; explicitFileType = wrapper.framework; includeInIndex = 0; path = Pods_dev_ostelco_ios_clientTests.framework; sourceTree = BUILT_PRODUCTS_DIR; };
		4CEB7C10C3F49F7D43E3CAB6 /* Pods_ostelco_ios_client.framework */ = {isa = PBXFileReference; explicitFileType = wrapper.framework; includeInIndex = 0; path = Pods_ostelco_ios_client.framework; sourceTree = BUILT_PRODUCTS_DIR; };
		6E99C51BCE902D09509C0751 /* Pods-dev-ostelco-ios-clientTests.release.xcconfig */ = {isa = PBXFileReference; includeInIndex = 1; lastKnownFileType = text.xcconfig; name = "Pods-dev-ostelco-ios-clientTests.release.xcconfig"; path = "Pods/Target Support Files/Pods-dev-ostelco-ios-clientTests/Pods-dev-ostelco-ios-clientTests.release.xcconfig"; sourceTree = "<group>"; };
		83FF767F2C3E4B07A5D160DD /* Pods-dev-ostelco-ios-clientTests.debug.xcconfig */ = {isa = PBXFileReference; includeInIndex = 1; lastKnownFileType = text.xcconfig; name = "Pods-dev-ostelco-ios-clientTests.debug.xcconfig"; path = "Pods/Target Support Files/Pods-dev-ostelco-ios-clientTests/Pods-dev-ostelco-ios-clientTests.debug.xcconfig"; sourceTree = "<group>"; };
		A120EC1DAD565851D4A9F2A0 /* Pods_dev_ostelco_ios_client.framework */ = {isa = PBXFileReference; explicitFileType = wrapper.framework; includeInIndex = 0; path = Pods_dev_ostelco_ios_client.framework; sourceTree = BUILT_PRODUCTS_DIR; };
		C2236F0A218A414C00B135C0 /* dev-ostelco-ios-clientTests.xctest */ = {isa = PBXFileReference; explicitFileType = wrapper.cfbundle; includeInIndex = 0; path = "dev-ostelco-ios-clientTests.xctest"; sourceTree = BUILT_PRODUCTS_DIR; };
		C2236F0C218A414C00B135C0 /* dev_ostelco_ios_clientTests.swift */ = {isa = PBXFileReference; lastKnownFileType = sourcecode.swift; path = dev_ostelco_ios_clientTests.swift; sourceTree = "<group>"; };
		C2236F0E218A414C00B135C0 /* Info.plist */ = {isa = PBXFileReference; lastKnownFileType = text.plist.xml; path = Info.plist; sourceTree = "<group>"; };
		C29802CC2181EDA800FBC5C3 /* dev-ostelco-ios-client.app */ = {isa = PBXFileReference; explicitFileType = wrapper.application; includeInIndex = 0; path = "dev-ostelco-ios-client.app"; sourceTree = BUILT_PRODUCTS_DIR; };
		C2B08447217E709900CAF9EA /* Stripe.framework */ = {isa = PBXFileReference; lastKnownFileType = wrapper.framework; name = Stripe.framework; path = Carthage/Build/iOS/Stripe.framework; sourceTree = "<group>"; };
		C2B08448217E709900CAF9EA /* Siesta.framework */ = {isa = PBXFileReference; lastKnownFileType = wrapper.framework; name = Siesta.framework; path = Carthage/Build/iOS/Siesta.framework; sourceTree = "<group>"; };
		C2B0844C217E709900CAF9EA /* SimpleKeychain.framework */ = {isa = PBXFileReference; lastKnownFileType = wrapper.framework; name = SimpleKeychain.framework; path = Carthage/Build/iOS/SimpleKeychain.framework; sourceTree = "<group>"; };
		C2B0844D217E709900CAF9EA /* Auth0.framework */ = {isa = PBXFileReference; lastKnownFileType = wrapper.framework; name = Auth0.framework; path = Carthage/Build/iOS/Auth0.framework; sourceTree = "<group>"; };
		C2B0844F217E709900CAF9EA /* RxSwift.framework */ = {isa = PBXFileReference; lastKnownFileType = wrapper.framework; name = RxSwift.framework; path = Carthage/Build/iOS/RxSwift.framework; sourceTree = "<group>"; };
/* End PBXFileReference section */

/* Begin PBXFrameworksBuildPhase section */
		04488163217924B700F59758 /* Frameworks */ = {
			isa = PBXFrameworksBuildPhase;
			buildActionMask = 2147483647;
			files = (
				C2B08450217E709900CAF9EA /* Stripe.framework in Frameworks */,
				C2B08451217E709900CAF9EA /* Siesta.framework in Frameworks */,
				C2B08455217E709900CAF9EA /* SimpleKeychain.framework in Frameworks */,
				C2B08456217E709900CAF9EA /* Auth0.framework in Frameworks */,
				04D1D1382197D30100551B0E /* FreshchatCarthage.framework in Frameworks */,
				C2B08458217E709900CAF9EA /* RxSwift.framework in Frameworks */,
				F825D31F4466FE90F09A6904 /* Pods_ostelco_ios_client.framework in Frameworks */,
			);
			runOnlyForDeploymentPostprocessing = 0;
		};
		C2236F07218A414C00B135C0 /* Frameworks */ = {
			isa = PBXFrameworksBuildPhase;
			buildActionMask = 2147483647;
			files = (
				7289B1A92407CB10223AA975 /* Pods_dev_ostelco_ios_clientTests.framework in Frameworks */,
			);
			runOnlyForDeploymentPostprocessing = 0;
		};
		C29802B92181EDA800FBC5C3 /* Frameworks */ = {
			isa = PBXFrameworksBuildPhase;
			buildActionMask = 2147483647;
			files = (
				C29802BA2181EDA800FBC5C3 /* Stripe.framework in Frameworks */,
				C29802BB2181EDA800FBC5C3 /* Siesta.framework in Frameworks */,
				C29802BC2181EDA800FBC5C3 /* SimpleKeychain.framework in Frameworks */,
				C29802BD2181EDA800FBC5C3 /* Auth0.framework in Frameworks */,
				04D1D1372197D2FD00551B0E /* FreshchatCarthage.framework in Frameworks */,
				C29802BE2181EDA800FBC5C3 /* RxSwift.framework in Frameworks */,
				536C95D88072551C26FB7460 /* Pods_dev_ostelco_ios_client.framework in Frameworks */,
			);
			runOnlyForDeploymentPostprocessing = 0;
		};
/* End PBXFrameworksBuildPhase section */

/* Begin PBXGroup section */
		0448815D217924B700F59758 = {
			isa = PBXGroup;
			children = (
				04EC5ADD21884ABD000C2EC3 /* dev-ostelco-ios-client.entitlements */,
				04488168217924B700F59758 /* ostelco-ios-client */,
				C2236F0B218A414C00B135C0 /* dev-ostelco-ios-clientTests */,
				04488167217924B700F59758 /* Products */,
				0448817F2179292200F59758 /* Frameworks */,
				C4B74FAE6888F4D375ECE526 /* Pods */,
			);
			sourceTree = "<group>";
		};
		04488167217924B700F59758 /* Products */ = {
			isa = PBXGroup;
			children = (
				04488166217924B700F59758 /* ostelco-ios-client.app */,
				C29802CC2181EDA800FBC5C3 /* dev-ostelco-ios-client.app */,
				C2236F0A218A414C00B135C0 /* dev-ostelco-ios-clientTests.xctest */,
			);
			name = Products;
			sourceTree = "<group>";
		};
		04488168217924B700F59758 /* ostelco-ios-client */ = {
			isa = PBXGroup;
			children = (
				04EC5AEB21887935000C2EC3 /* ostelco-ios-client.entitlements */,
				04488169217924B700F59758 /* AppDelegate.swift */,
				0448816B217924B700F59758 /* HomeViewController.swift */,
				0448816D217924B700F59758 /* SettingsTableViewController.swift */,
				0448816F217924B700F59758 /* Main.storyboard */,
				04488172217924B800F59758 /* Assets.xcassets */,
				04488177217924B800F59758 /* Production.plist */,
				0448817D2179287600F59758 /* LoginViewController.swift */,
				04488191217938A300F59758 /* Auth.swift */,
				04488198217B42C200F59758 /* OstelcoAPI.swift */,
				0448819D217B4E4E00F59758 /* BundleModel.swift */,
				0448819F217B7CA100F59758 /* ProfileTableViewController.swift */,
				044881A1217B896800F59758 /* ProfileModel.swift */,
				044881A3217BA15100F59758 /* PurchaseHistoryTableViewController.swift */,
				044881A5217BA1B900F59758 /* PurchaseHistoryTableViewCell.swift */,
				044881A7217BA32B00F59758 /* PurchaseModel.swift */,
				044881A9217BA35C00F59758 /* ProductModel.swift */,
				044881AE217BFBD800F59758 /* UIHelpers.swift */,
				04EC5AE021886316000C2EC3 /* Payment.swift */,
				04EC5AE321887123000C2EC3 /* Production.xcconfig */,
				04EC5AE521887137000C2EC3 /* Development.xcconfig */,
				04EC5AE7218872BA000C2EC3 /* Environment.swift */,
				04EC5AEA2188743B000C2EC3 /* Development.plist */,
				048C787B2191C9660041F135 /* ThemeManager.swift */,
				048C78D82191F46D0041F135 /* LaunchScreen.storyboard */,
				0420C5D92193BB0400FF6AEC /* Auth0Development.plist */,
				0420C5DB2193BB1B00FF6AEC /* Auth0Production.plist */,
				0485E5D52197C9B200758738 /* ostelco-ios-client-Bridging-Header.h */,
				045D743A2195D30700F01D57 /* RootViewController.swift */,
				045D743D2195D3C200F01D57 /* SplashScreenViewController.swift */,
			);
			path = "ostelco-ios-client";
			sourceTree = "<group>";
		};
		0448817F2179292200F59758 /* Frameworks */ = {
			isa = PBXGroup;
			children = (
				04D1D1362197D2FD00551B0E /* FreshchatCarthage.framework */,
				0485E5CE2197BCC400758738 /* Bugsee.framework */,
				C2B0844D217E709900CAF9EA /* Auth0.framework */,
				C2B0844F217E709900CAF9EA /* RxSwift.framework */,
				C2B08448217E709900CAF9EA /* Siesta.framework */,
				C2B0844C217E709900CAF9EA /* SimpleKeychain.framework */,
				C2B08447217E709900CAF9EA /* Stripe.framework */,
				A120EC1DAD565851D4A9F2A0 /* Pods_dev_ostelco_ios_client.framework */,
				319FEF612CDD59BEDC6EF23E /* Pods_dev_ostelco_ios_clientTests.framework */,
				4CEB7C10C3F49F7D43E3CAB6 /* Pods_ostelco_ios_client.framework */,
			);
			name = Frameworks;
			sourceTree = "<group>";
		};
		C2236F0B218A414C00B135C0 /* dev-ostelco-ios-clientTests */ = {
			isa = PBXGroup;
			children = (
				C2236F0C218A414C00B135C0 /* dev_ostelco_ios_clientTests.swift */,
				C2236F0E218A414C00B135C0 /* Info.plist */,
			);
			path = "dev-ostelco-ios-clientTests";
			sourceTree = "<group>";
		};
		C4B74FAE6888F4D375ECE526 /* Pods */ = {
			isa = PBXGroup;
			children = (
				83FF767F2C3E4B07A5D160DD /* Pods-dev-ostelco-ios-clientTests.debug.xcconfig */,
				6E99C51BCE902D09509C0751 /* Pods-dev-ostelco-ios-clientTests.release.xcconfig */,
			);
			name = Pods;
			sourceTree = "<group>";
		};
/* End PBXGroup section */

/* Begin PBXNativeTarget section */
		04488165217924B700F59758 /* ostelco-ios-client */ = {
			isa = PBXNativeTarget;
			buildConfigurationList = 0448817A217924B800F59758 /* Build configuration list for PBXNativeTarget "ostelco-ios-client" */;
			buildPhases = (
				5837E8AF0E0E2C558403545D /* [CP] Check Pods Manifest.lock */,
				04488162217924B700F59758 /* Sources */,
				04488163217924B700F59758 /* Frameworks */,
				04488164217924B700F59758 /* Resources */,
				040B85C02195FB2800EAF86F /* Copy Auth0 environment to Auth0.plist */,
				044881822179296600F59758 /* Copy Carthage Frameworks */,
				04488183217929E600F59758 /* Warn About Outdated Carthage Frameworks */,
				048361AC219701BC00D990A3 /* Embed Frameworks */,
				F3E9D196C2F0F6DF87EB20F8 /* [CP] Embed Pods Frameworks */,
			);
			buildRules = (
			);
			dependencies = (
			);
			name = "ostelco-ios-client";
			productName = "ostelco-ios-client";
			productReference = 04488166217924B700F59758 /* ostelco-ios-client.app */;
			productType = "com.apple.product-type.application";
		};
		C2236F09218A414C00B135C0 /* dev-ostelco-ios-clientTests */ = {
			isa = PBXNativeTarget;
			buildConfigurationList = C2236F13218A414C00B135C0 /* Build configuration list for PBXNativeTarget "dev-ostelco-ios-clientTests" */;
			buildPhases = (
				92085666D0B5B5D1E1237455 /* [CP] Check Pods Manifest.lock */,
				C2236F06218A414C00B135C0 /* Sources */,
				C2236F07218A414C00B135C0 /* Frameworks */,
				C2236F08218A414C00B135C0 /* Resources */,
			);
			buildRules = (
			);
			dependencies = (
				C2236F10218A414C00B135C0 /* PBXTargetDependency */,
			);
			name = "dev-ostelco-ios-clientTests";
			productName = "dev-ostelco-ios-clientTests";
			productReference = C2236F0A218A414C00B135C0 /* dev-ostelco-ios-clientTests.xctest */;
			productType = "com.apple.product-type.bundle.unit-test";
		};
		C29802A82181EDA800FBC5C3 /* dev-ostelco-ios-client */ = {
			isa = PBXNativeTarget;
			buildConfigurationList = C29802C72181EDA800FBC5C3 /* Build configuration list for PBXNativeTarget "dev-ostelco-ios-client" */;
			buildPhases = (
				604039930185464056744AE2 /* [CP] Check Pods Manifest.lock */,
				C29802A92181EDA800FBC5C3 /* Sources */,
				C29802B92181EDA800FBC5C3 /* Frameworks */,
				C29802BF2181EDA800FBC5C3 /* Resources */,
				0420C5D82193BA8400FF6AEC /* Copy Auth0 environment to Auth0.plist */,
				C29802C42181EDA800FBC5C3 /* Copy Carthage Frameworks */,
				C29802C52181EDA800FBC5C3 /* Warn About Outdated Carthage Frameworks */,
				FBE370AA5B1928736ACD3AFB /* [CP] Embed Pods Frameworks */,
			);
			buildRules = (
			);
			dependencies = (
			);
			name = "dev-ostelco-ios-client";
			productName = "ostelco-ios-client";
			productReference = C29802CC2181EDA800FBC5C3 /* dev-ostelco-ios-client.app */;
			productType = "com.apple.product-type.application";
		};
/* End PBXNativeTarget section */

/* Begin PBXProject section */
		0448815E217924B700F59758 /* Project object */ = {
			isa = PBXProject;
			attributes = {
				LastSwiftUpdateCheck = 1010;
				LastUpgradeCheck = 0940;
				ORGANIZATIONNAME = mac;
				TargetAttributes = {
					04488165217924B700F59758 = {
						CreatedOnToolsVersion = 9.4.1;
						LastSwiftMigration = 1010;
						SystemCapabilities = {
							com.apple.ApplePay = {
								enabled = 1;
							};
						};
					};
					C2236F09218A414C00B135C0 = {
						CreatedOnToolsVersion = 10.1;
						SystemCapabilities = {
							com.apple.ApplePay = {
								enabled = 1;
							};
						};
						TestTargetID = C29802A82181EDA800FBC5C3;
					};
					C29802A82181EDA800FBC5C3 = {
						SystemCapabilities = {
							com.apple.ApplePay = {
								enabled = 1;
							};
							com.apple.Push = {
								enabled = 1;
							};
						};
					};
				};
			};
			buildConfigurationList = 04488161217924B700F59758 /* Build configuration list for PBXProject "ostelco-ios-client" */;
			compatibilityVersion = "Xcode 9.3";
			developmentRegion = en;
			hasScannedForEncodings = 0;
			knownRegions = (
				en,
				Base,
			);
			mainGroup = 0448815D217924B700F59758;
			productRefGroup = 04488167217924B700F59758 /* Products */;
			projectDirPath = "";
			projectRoot = "";
			targets = (
				04488165217924B700F59758 /* ostelco-ios-client */,
				C29802A82181EDA800FBC5C3 /* dev-ostelco-ios-client */,
				C2236F09218A414C00B135C0 /* dev-ostelco-ios-clientTests */,
			);
		};
/* End PBXProject section */

/* Begin PBXResourcesBuildPhase section */
		04488164217924B700F59758 /* Resources */ = {
			isa = PBXResourcesBuildPhase;
			buildActionMask = 2147483647;
			files = (
				0420C5DC2193BB1B00FF6AEC /* Auth0Production.plist in Resources */,
				04488171217924B700F59758 /* Main.storyboard in Resources */,
				048C78D92191F46D0041F135 /* LaunchScreen.storyboard in Resources */,
				0420C5DA2193BB0400FF6AEC /* Auth0Development.plist in Resources */,
				048C78812191ED430041F135 /* Assets.xcassets in Resources */,
			);
			runOnlyForDeploymentPostprocessing = 0;
		};
		C2236F08218A414C00B135C0 /* Resources */ = {
			isa = PBXResourcesBuildPhase;
			buildActionMask = 2147483647;
			files = (
			);
			runOnlyForDeploymentPostprocessing = 0;
		};
		C29802BF2181EDA800FBC5C3 /* Resources */ = {
			isa = PBXResourcesBuildPhase;
			buildActionMask = 2147483647;
			files = (
				0420C5DE2193BB4200FF6AEC /* Auth0Production.plist in Resources */,
				C29802C22181EDA800FBC5C3 /* Main.storyboard in Resources */,
				048C78DA2191F46D0041F135 /* LaunchScreen.storyboard in Resources */,
				0420C5DD2193BB4000FF6AEC /* Auth0Development.plist in Resources */,
				048C78822191ED430041F135 /* Assets.xcassets in Resources */,
			);
			runOnlyForDeploymentPostprocessing = 0;
		};
/* End PBXResourcesBuildPhase section */

/* Begin PBXShellScriptBuildPhase section */
		040B85C02195FB2800EAF86F /* Copy Auth0 environment to Auth0.plist */ = {
			isa = PBXShellScriptBuildPhase;
			buildActionMask = 2147483647;
			files = (
			);
			inputFileListPaths = (
			);
			inputPaths = (
			);
			name = "Copy Auth0 environment to Auth0.plist";
			outputFileListPaths = (
			);
			outputPaths = (
			);
			runOnlyForDeploymentPostprocessing = 0;
			shellPath = /bin/sh;
			shellScript = "RESOURCE_PATH=$SRCROOT/ostelco-ios-client\n\nFILENAME_IN_BUNDLE=Auth0.plist\n\nBUILD_APP_DIR=${BUILT_PRODUCTS_DIR}/${PRODUCT_NAME}.app\n\nif  \"$CONFIGURATION\" == \"Debug\" ]; then\ncp $RESOURCE_PATH/Auth0Development.plist $BUILD_APP_DIR/$FILENAME_IN_BUNDLE\nelse\ncp $RESOURCE_PATH/Auth0Production.plist $BUILD_APP_DIR/$FILENAME_IN_BUNDLE\nfi\n";
		};
		0420C5D82193BA8400FF6AEC /* Copy Auth0 environment to Auth0.plist */ = {
			isa = PBXShellScriptBuildPhase;
			buildActionMask = 2147483647;
			files = (
			);
			inputFileListPaths = (
			);
			inputPaths = (
			);
			name = "Copy Auth0 environment to Auth0.plist";
			outputFileListPaths = (
			);
			outputPaths = (
			);
			runOnlyForDeploymentPostprocessing = 0;
			shellPath = /bin/sh;
			shellScript = "RESOURCE_PATH=$SRCROOT/ostelco-ios-client\n\nFILENAME_IN_BUNDLE=Auth0.plist\n\nBUILD_APP_DIR=${BUILT_PRODUCTS_DIR}/${PRODUCT_NAME}.app\n\nif  \"$CONFIGURATION\" == \"Debug\" ]; then\ncp $RESOURCE_PATH/Auth0Development.plist $BUILD_APP_DIR/$FILENAME_IN_BUNDLE\nelse\ncp $RESOURCE_PATH/Auth0Production.plist $BUILD_APP_DIR/$FILENAME_IN_BUNDLE\nfi\n";
		};
		044881822179296600F59758 /* Copy Carthage Frameworks */ = {
			isa = PBXShellScriptBuildPhase;
			buildActionMask = 2147483647;
			files = (
			);
			inputPaths = (
				"$(SRCROOT)/Carthage/Build/iOS/Auth0.framework",
				"$(SRCROOT)/Carthage/Build/iOS/SimpleKeychain.framework",
				"$(SRCROOT)/Carthage/Build/iOS/RxSwift.framework",
				"$(SRCROOT)/Carthage/Build/iOS/Siesta.framework",
				"$(SRCROOT)/Carthage/Build/iOS/Stripe.framework",
				"$(SRCROOT)/Carthage/Build/iOS/SiestaUI.framework",
				"$(SRCROOT)/Carthage/Build/iOS/FreshchatCarthage.framework",
			);
			name = "Copy Carthage Frameworks";
			outputPaths = (
				"$(BUILT_PRODUCTS_DIR)/$(FRAMEWORKS_FOLDER_PATH)/Auth0.framework",
				"$(BUILT_PRODUCTS_DIR)/$(FRAMEWORKS_FOLDER_PATH)/SimpleKeychain.framework",
				"$(BUILT_PRODUCTS_DIR)/$(FRAMEWORKS_FOLDER_PATH)/RxSwift.framework",
				"$(BUILT_PRODUCTS_DIR)/$(FRAMEWORKS_FOLDER_PATH)/Siesta.framework",
				"$(BUILT_PRODUCTS_DIR)/$(FRAMEWORKS_FOLDER_PATH)/Stripe.framework",
				"$(BUILT_PRODUCTS_DIR)/$(FRAMEWORKS_FOLDER_PATH)/SiestaUI.framework",
				"$(BUILT_PRODUCTS_DIR)/$(FRAMEWORKS_FOLDER_PATH)/FreshchatCarthage.framework",
			);
			runOnlyForDeploymentPostprocessing = 0;
			shellPath = /bin/sh;
			shellScript = "/usr/local/bin/carthage copy-frameworks\n";
		};
		04488183217929E600F59758 /* Warn About Outdated Carthage Frameworks */ = {
			isa = PBXShellScriptBuildPhase;
			buildActionMask = 2147483647;
			files = (
			);
			inputPaths = (
			);
			name = "Warn About Outdated Carthage Frameworks";
			outputPaths = (
			);
			runOnlyForDeploymentPostprocessing = 0;
			shellPath = /bin/sh;
			shellScript = "/usr/local/bin/carthage outdated --xcode-warnings\n";
		};
		5837E8AF0E0E2C558403545D /* [CP] Check Pods Manifest.lock */ = {
			isa = PBXShellScriptBuildPhase;
			buildActionMask = 2147483647;
			files = (
			);
			inputFileListPaths = (
			);
			inputPaths = (
				"${PODS_PODFILE_DIR_PATH}/Podfile.lock",
				"${PODS_ROOT}/Manifest.lock",
			);
			name = "[CP] Check Pods Manifest.lock";
			outputFileListPaths = (
			);
			outputPaths = (
				"$(DERIVED_FILE_DIR)/Pods-ostelco-ios-client-checkManifestLockResult.txt",
			);
			runOnlyForDeploymentPostprocessing = 0;
			shellPath = /bin/sh;
			shellScript = "diff \"${PODS_PODFILE_DIR_PATH}/Podfile.lock\" \"${PODS_ROOT}/Manifest.lock\" > /dev/null\nif [ $? != 0 ] ; then\n    # print error to STDERR\n    echo \"error: The sandbox is not in sync with the Podfile.lock. Run 'pod install' or update your CocoaPods installation.\" >&2\n    exit 1\nfi\n# This output is used by Xcode 'outputs' to avoid re-running this script phase.\necho \"SUCCESS\" > \"${SCRIPT_OUTPUT_FILE_0}\"\n";
			showEnvVarsInLog = 0;
		};
		604039930185464056744AE2 /* [CP] Check Pods Manifest.lock */ = {
			isa = PBXShellScriptBuildPhase;
			buildActionMask = 2147483647;
			files = (
			);
			inputFileListPaths = (
			);
			inputPaths = (
				"${PODS_PODFILE_DIR_PATH}/Podfile.lock",
				"${PODS_ROOT}/Manifest.lock",
			);
			name = "[CP] Check Pods Manifest.lock";
			outputFileListPaths = (
			);
			outputPaths = (
				"$(DERIVED_FILE_DIR)/Pods-dev-ostelco-ios-client-checkManifestLockResult.txt",
			);
			runOnlyForDeploymentPostprocessing = 0;
			shellPath = /bin/sh;
			shellScript = "diff \"${PODS_PODFILE_DIR_PATH}/Podfile.lock\" \"${PODS_ROOT}/Manifest.lock\" > /dev/null\nif [ $? != 0 ] ; then\n    # print error to STDERR\n    echo \"error: The sandbox is not in sync with the Podfile.lock. Run 'pod install' or update your CocoaPods installation.\" >&2\n    exit 1\nfi\n# This output is used by Xcode 'outputs' to avoid re-running this script phase.\necho \"SUCCESS\" > \"${SCRIPT_OUTPUT_FILE_0}\"\n";
			showEnvVarsInLog = 0;
		};
		92085666D0B5B5D1E1237455 /* [CP] Check Pods Manifest.lock */ = {
			isa = PBXShellScriptBuildPhase;
			buildActionMask = 2147483647;
			files = (
			);
			inputFileListPaths = (
			);
			inputPaths = (
				"${PODS_PODFILE_DIR_PATH}/Podfile.lock",
				"${PODS_ROOT}/Manifest.lock",
			);
			name = "[CP] Check Pods Manifest.lock";
			outputFileListPaths = (
			);
			outputPaths = (
				"$(DERIVED_FILE_DIR)/Pods-dev-ostelco-ios-clientTests-checkManifestLockResult.txt",
			);
			runOnlyForDeploymentPostprocessing = 0;
			shellPath = /bin/sh;
			shellScript = "diff \"${PODS_PODFILE_DIR_PATH}/Podfile.lock\" \"${PODS_ROOT}/Manifest.lock\" > /dev/null\nif [ $? != 0 ] ; then\n    # print error to STDERR\n    echo \"error: The sandbox is not in sync with the Podfile.lock. Run 'pod install' or update your CocoaPods installation.\" >&2\n    exit 1\nfi\n# This output is used by Xcode 'outputs' to avoid re-running this script phase.\necho \"SUCCESS\" > \"${SCRIPT_OUTPUT_FILE_0}\"\n";
			showEnvVarsInLog = 0;
		};
		C29802C42181EDA800FBC5C3 /* Copy Carthage Frameworks */ = {
			isa = PBXShellScriptBuildPhase;
			buildActionMask = 2147483647;
			files = (
			);
			inputPaths = (
				"$(SRCROOT)/Carthage/Build/iOS/Auth0.framework",
				"$(SRCROOT)/Carthage/Build/iOS/SimpleKeychain.framework",
				"$(SRCROOT)/Carthage/Build/iOS/RxSwift.framework",
				"$(SRCROOT)/Carthage/Build/iOS/Siesta.framework",
				"$(SRCROOT)/Carthage/Build/iOS/Stripe.framework",
				"$(SRCROOT)/Carthage/Build/iOS/SiestaUI.framework",
				"$(SRCROOT)/Carthage/Build/iOS/FreshchatCarthage.framework",
			);
			name = "Copy Carthage Frameworks";
			outputPaths = (
				"$(BUILT_PRODUCTS_DIR)/$(FRAMEWORKS_FOLDER_PATH)/Auth0.framework",
				"$(BUILT_PRODUCTS_DIR)/$(FRAMEWORKS_FOLDER_PATH)/SimpleKeychain.framework",
				"$(BUILT_PRODUCTS_DIR)/$(FRAMEWORKS_FOLDER_PATH)/RxSwift.framework",
				"$(BUILT_PRODUCTS_DIR)/$(FRAMEWORKS_FOLDER_PATH)/Siesta.framework",
				"$(BUILT_PRODUCTS_DIR)/$(FRAMEWORKS_FOLDER_PATH)/Stripe.framework",
				"$(BUILT_PRODUCTS_DIR)/$(FRAMEWORKS_FOLDER_PATH)/SiestaUI.framework",
				"$(BUILT_PRODUCTS_DIR)/$(FRAMEWORKS_FOLDER_PATH)/FreshchatCarthage.framework",
			);
			runOnlyForDeploymentPostprocessing = 0;
			shellPath = /bin/sh;
			shellScript = "/usr/local/bin/carthage copy-frameworks\n";
		};
		C29802C52181EDA800FBC5C3 /* Warn About Outdated Carthage Frameworks */ = {
			isa = PBXShellScriptBuildPhase;
			buildActionMask = 2147483647;
			files = (
			);
			inputPaths = (
			);
			name = "Warn About Outdated Carthage Frameworks";
			outputPaths = (
			);
			runOnlyForDeploymentPostprocessing = 0;
			shellPath = /bin/sh;
			shellScript = "/usr/local/bin/carthage outdated --xcode-warnings\n";
		};
		F3E9D196C2F0F6DF87EB20F8 /* [CP] Embed Pods Frameworks */ = {
			isa = PBXShellScriptBuildPhase;
			buildActionMask = 2147483647;
			files = (
			);
			inputFileListPaths = (
			);
			inputPaths = (
				"${SRCROOT}/Pods/Target Support Files/Pods-ostelco-ios-client/Pods-ostelco-ios-client-frameworks.sh",
				"${PODS_ROOT}/JumioMobileSDK/frameworks/JumioCore.framework",
				"${PODS_ROOT}/JumioMobileSDK/frameworks/Netverify.framework",
				"${PODS_ROOT}/JumioMobileSDK/frameworks/MicroBlink.framework",
				"${PODS_ROOT}/JumioMobileSDK/frameworks/Umoove.framework",
			);
			name = "[CP] Embed Pods Frameworks";
			outputFileListPaths = (
			);
			outputPaths = (
				"${TARGET_BUILD_DIR}/${FRAMEWORKS_FOLDER_PATH}/JumioCore.framework",
				"${TARGET_BUILD_DIR}/${FRAMEWORKS_FOLDER_PATH}/Netverify.framework",
				"${TARGET_BUILD_DIR}/${FRAMEWORKS_FOLDER_PATH}/MicroBlink.framework",
				"${TARGET_BUILD_DIR}/${FRAMEWORKS_FOLDER_PATH}/Umoove.framework",
			);
			runOnlyForDeploymentPostprocessing = 0;
			shellPath = /bin/sh;
			shellScript = "\"${SRCROOT}/Pods/Target Support Files/Pods-ostelco-ios-client/Pods-ostelco-ios-client-frameworks.sh\"\n";
			showEnvVarsInLog = 0;
		};
		FBE370AA5B1928736ACD3AFB /* [CP] Embed Pods Frameworks */ = {
			isa = PBXShellScriptBuildPhase;
			buildActionMask = 2147483647;
			files = (
			);
			inputFileListPaths = (
			);
			inputPaths = (
				"${SRCROOT}/Pods/Target Support Files/Pods-dev-ostelco-ios-client/Pods-dev-ostelco-ios-client-frameworks.sh",
				"${PODS_ROOT}/JumioMobileSDK/frameworks/JumioCore.framework",
				"${PODS_ROOT}/JumioMobileSDK/frameworks/Netverify.framework",
				"${PODS_ROOT}/JumioMobileSDK/frameworks/MicroBlink.framework",
				"${PODS_ROOT}/JumioMobileSDK/frameworks/Umoove.framework",
			);
			name = "[CP] Embed Pods Frameworks";
			outputFileListPaths = (
			);
			outputPaths = (
				"${TARGET_BUILD_DIR}/${FRAMEWORKS_FOLDER_PATH}/JumioCore.framework",
				"${TARGET_BUILD_DIR}/${FRAMEWORKS_FOLDER_PATH}/Netverify.framework",
				"${TARGET_BUILD_DIR}/${FRAMEWORKS_FOLDER_PATH}/MicroBlink.framework",
				"${TARGET_BUILD_DIR}/${FRAMEWORKS_FOLDER_PATH}/Umoove.framework",
			);
			runOnlyForDeploymentPostprocessing = 0;
			shellPath = /bin/sh;
			shellScript = "\"${SRCROOT}/Pods/Target Support Files/Pods-dev-ostelco-ios-client/Pods-dev-ostelco-ios-client-frameworks.sh\"\n";
		};
/* End PBXShellScriptBuildPhase section */

/* Begin PBXSourcesBuildPhase section */
		04488162217924B700F59758 /* Sources */ = {
			isa = PBXSourcesBuildPhase;
			buildActionMask = 2147483647;
			files = (
				044881A6217BA1B900F59758 /* PurchaseHistoryTableViewCell.swift in Sources */,
				045D743B2195D30700F01D57 /* RootViewController.swift in Sources */,
				0448817E2179287600F59758 /* LoginViewController.swift in Sources */,
				04488199217B42C200F59758 /* OstelcoAPI.swift in Sources */,
				0448816E217924B700F59758 /* SettingsTableViewController.swift in Sources */,
				044881AA217BA35C00F59758 /* ProductModel.swift in Sources */,
				044881AF217BFBD800F59758 /* UIHelpers.swift in Sources */,
				0448816A217924B700F59758 /* AppDelegate.swift in Sources */,
				044881A2217B896800F59758 /* ProfileModel.swift in Sources */,
				04488192217938A300F59758 /* Auth.swift in Sources */,
				045D743E2195D3C200F01D57 /* SplashScreenViewController.swift in Sources */,
				048C787C2191C9660041F135 /* ThemeManager.swift in Sources */,
				044881A0217B7CA100F59758 /* ProfileTableViewController.swift in Sources */,
				0448816C217924B700F59758 /* HomeViewController.swift in Sources */,
				044881A4217BA15100F59758 /* PurchaseHistoryTableViewController.swift in Sources */,
				0448819E217B4E4E00F59758 /* BundleModel.swift in Sources */,
				044881A8217BA32B00F59758 /* PurchaseModel.swift in Sources */,
				04EC5AE8218873BF000C2EC3 /* Environment.swift in Sources */,
			);
			runOnlyForDeploymentPostprocessing = 0;
		};
		C2236F06218A414C00B135C0 /* Sources */ = {
			isa = PBXSourcesBuildPhase;
			buildActionMask = 2147483647;
			files = (
				C2236F0D218A414C00B135C0 /* dev_ostelco_ios_clientTests.swift in Sources */,
			);
			runOnlyForDeploymentPostprocessing = 0;
		};
		C29802A92181EDA800FBC5C3 /* Sources */ = {
			isa = PBXSourcesBuildPhase;
			buildActionMask = 2147483647;
			files = (
				C29802AB2181EDA800FBC5C3 /* PurchaseHistoryTableViewCell.swift in Sources */,
				045D743C2195D30700F01D57 /* RootViewController.swift in Sources */,
				C29802AC2181EDA800FBC5C3 /* LoginViewController.swift in Sources */,
				C29802AD2181EDA800FBC5C3 /* OstelcoAPI.swift in Sources */,
				C29802AE2181EDA800FBC5C3 /* SettingsTableViewController.swift in Sources */,
				048C787D2191C9BF0041F135 /* ThemeManager.swift in Sources */,
				C29802AF2181EDA800FBC5C3 /* ProductModel.swift in Sources */,
				04EC5AE221886316000C2EC3 /* Payment.swift in Sources */,
				C29802B02181EDA800FBC5C3 /* UIHelpers.swift in Sources */,
				C29802B12181EDA800FBC5C3 /* AppDelegate.swift in Sources */,
				C29802B22181EDA800FBC5C3 /* ProfileModel.swift in Sources */,
				C29802B32181EDA800FBC5C3 /* Auth.swift in Sources */,
				C29802B42181EDA800FBC5C3 /* ProfileTableViewController.swift in Sources */,
				C29802B52181EDA800FBC5C3 /* HomeViewController.swift in Sources */,
				C29802B62181EDA800FBC5C3 /* PurchaseHistoryTableViewController.swift in Sources */,
				C29802B72181EDA800FBC5C3 /* BundleModel.swift in Sources */,
				C29802B82181EDA800FBC5C3 /* PurchaseModel.swift in Sources */,
				045D743F2195D3C200F01D57 /* SplashScreenViewController.swift in Sources */,
				04EC5AE9218873C0000C2EC3 /* Environment.swift in Sources */,
			);
			runOnlyForDeploymentPostprocessing = 0;
		};
/* End PBXSourcesBuildPhase section */

/* Begin PBXTargetDependency section */
		C2236F10218A414C00B135C0 /* PBXTargetDependency */ = {
			isa = PBXTargetDependency;
			target = C29802A82181EDA800FBC5C3 /* dev-ostelco-ios-client */;
			targetProxy = C2236F0F218A414C00B135C0 /* PBXContainerItemProxy */;
		};
/* End PBXTargetDependency section */

/* Begin PBXVariantGroup section */
		0448816F217924B700F59758 /* Main.storyboard */ = {
			isa = PBXVariantGroup;
			children = (
				04488170217924B700F59758 /* Base */,
			);
			name = Main.storyboard;
			sourceTree = "<group>";
		};
/* End PBXVariantGroup section */

/* Begin XCBuildConfiguration section */
		04488178217924B800F59758 /* Debug */ = {
			isa = XCBuildConfiguration;
			buildSettings = {
				ALWAYS_SEARCH_USER_PATHS = NO;
				CLANG_ANALYZER_NONNULL = YES;
				CLANG_ANALYZER_NUMBER_OBJECT_CONVERSION = YES_AGGRESSIVE;
				CLANG_CXX_LANGUAGE_STANDARD = "gnu++14";
				CLANG_CXX_LIBRARY = "libc++";
				CLANG_ENABLE_MODULES = YES;
				CLANG_ENABLE_OBJC_ARC = YES;
				CLANG_ENABLE_OBJC_WEAK = YES;
				CLANG_WARN_BLOCK_CAPTURE_AUTORELEASING = YES;
				CLANG_WARN_BOOL_CONVERSION = YES;
				CLANG_WARN_COMMA = YES;
				CLANG_WARN_CONSTANT_CONVERSION = YES;
				CLANG_WARN_DEPRECATED_OBJC_IMPLEMENTATIONS = YES;
				CLANG_WARN_DIRECT_OBJC_ISA_USAGE = YES_ERROR;
				CLANG_WARN_DOCUMENTATION_COMMENTS = YES;
				CLANG_WARN_EMPTY_BODY = YES;
				CLANG_WARN_ENUM_CONVERSION = YES;
				CLANG_WARN_INFINITE_RECURSION = YES;
				CLANG_WARN_INT_CONVERSION = YES;
				CLANG_WARN_NON_LITERAL_NULL_CONVERSION = YES;
				CLANG_WARN_OBJC_IMPLICIT_RETAIN_SELF = YES;
				CLANG_WARN_OBJC_LITERAL_CONVERSION = YES;
				CLANG_WARN_OBJC_ROOT_CLASS = YES_ERROR;
				CLANG_WARN_RANGE_LOOP_ANALYSIS = YES;
				CLANG_WARN_STRICT_PROTOTYPES = YES;
				CLANG_WARN_SUSPICIOUS_MOVE = YES;
				CLANG_WARN_UNGUARDED_AVAILABILITY = YES_AGGRESSIVE;
				CLANG_WARN_UNREACHABLE_CODE = YES;
				CLANG_WARN__DUPLICATE_METHOD_MATCH = YES;
				CODE_SIGN_IDENTITY = "iPhone Developer";
				COPY_PHASE_STRIP = NO;
				DEBUG_INFORMATION_FORMAT = "dwarf-with-dsym";
				ENABLE_BITCODE = NO;
				ENABLE_STRICT_OBJC_MSGSEND = YES;
				ENABLE_TESTABILITY = YES;
				GCC_C_LANGUAGE_STANDARD = gnu11;
				GCC_DYNAMIC_NO_PIC = NO;
				GCC_NO_COMMON_BLOCKS = YES;
				GCC_OPTIMIZATION_LEVEL = 0;
				GCC_PREPROCESSOR_DEFINITIONS = (
					"DEBUG=1",
					"$(inherited)",
				);
				GCC_WARN_64_TO_32_BIT_CONVERSION = YES;
				GCC_WARN_ABOUT_RETURN_TYPE = YES_ERROR;
				GCC_WARN_UNDECLARED_SELECTOR = YES;
				GCC_WARN_UNINITIALIZED_AUTOS = YES_AGGRESSIVE;
				GCC_WARN_UNUSED_FUNCTION = YES;
				GCC_WARN_UNUSED_VARIABLE = YES;
				IPHONEOS_DEPLOYMENT_TARGET = 11.4;
				MTL_ENABLE_DEBUG_INFO = YES;
				ONLY_ACTIVE_ARCH = NO;
				SDKROOT = iphoneos;
				SWIFT_ACTIVE_COMPILATION_CONDITIONS = DEBUG;
				SWIFT_OPTIMIZATION_LEVEL = "-Onone";
			};
			name = Debug;
		};
		04488179217924B800F59758 /* Release */ = {
			isa = XCBuildConfiguration;
			buildSettings = {
				ALWAYS_SEARCH_USER_PATHS = NO;
				CLANG_ANALYZER_NONNULL = YES;
				CLANG_ANALYZER_NUMBER_OBJECT_CONVERSION = YES_AGGRESSIVE;
				CLANG_CXX_LANGUAGE_STANDARD = "gnu++14";
				CLANG_CXX_LIBRARY = "libc++";
				CLANG_ENABLE_MODULES = YES;
				CLANG_ENABLE_OBJC_ARC = YES;
				CLANG_ENABLE_OBJC_WEAK = YES;
				CLANG_WARN_BLOCK_CAPTURE_AUTORELEASING = YES;
				CLANG_WARN_BOOL_CONVERSION = YES;
				CLANG_WARN_COMMA = YES;
				CLANG_WARN_CONSTANT_CONVERSION = YES;
				CLANG_WARN_DEPRECATED_OBJC_IMPLEMENTATIONS = YES;
				CLANG_WARN_DIRECT_OBJC_ISA_USAGE = YES_ERROR;
				CLANG_WARN_DOCUMENTATION_COMMENTS = YES;
				CLANG_WARN_EMPTY_BODY = YES;
				CLANG_WARN_ENUM_CONVERSION = YES;
				CLANG_WARN_INFINITE_RECURSION = YES;
				CLANG_WARN_INT_CONVERSION = YES;
				CLANG_WARN_NON_LITERAL_NULL_CONVERSION = YES;
				CLANG_WARN_OBJC_IMPLICIT_RETAIN_SELF = YES;
				CLANG_WARN_OBJC_LITERAL_CONVERSION = YES;
				CLANG_WARN_OBJC_ROOT_CLASS = YES_ERROR;
				CLANG_WARN_RANGE_LOOP_ANALYSIS = YES;
				CLANG_WARN_STRICT_PROTOTYPES = YES;
				CLANG_WARN_SUSPICIOUS_MOVE = YES;
				CLANG_WARN_UNGUARDED_AVAILABILITY = YES_AGGRESSIVE;
				CLANG_WARN_UNREACHABLE_CODE = YES;
				CLANG_WARN__DUPLICATE_METHOD_MATCH = YES;
				CODE_SIGN_IDENTITY = "iPhone Developer";
				COPY_PHASE_STRIP = NO;
				DEBUG_INFORMATION_FORMAT = "dwarf-with-dsym";
				ENABLE_BITCODE = NO;
				ENABLE_NS_ASSERTIONS = NO;
				ENABLE_STRICT_OBJC_MSGSEND = YES;
				GCC_C_LANGUAGE_STANDARD = gnu11;
				GCC_NO_COMMON_BLOCKS = YES;
				GCC_WARN_64_TO_32_BIT_CONVERSION = YES;
				GCC_WARN_ABOUT_RETURN_TYPE = YES_ERROR;
				GCC_WARN_UNDECLARED_SELECTOR = YES;
				GCC_WARN_UNINITIALIZED_AUTOS = YES_AGGRESSIVE;
				GCC_WARN_UNUSED_FUNCTION = YES;
				GCC_WARN_UNUSED_VARIABLE = YES;
				IPHONEOS_DEPLOYMENT_TARGET = 11.4;
				MTL_ENABLE_DEBUG_INFO = NO;
				SDKROOT = iphoneos;
				SWIFT_COMPILATION_MODE = wholemodule;
				SWIFT_OPTIMIZATION_LEVEL = "-O";
				VALIDATE_PRODUCT = YES;
			};
			name = Release;
		};
		0448817B217924B800F59758 /* Debug */ = {
			isa = XCBuildConfiguration;
			baseConfigurationReference = 04EC5AE521887137000C2EC3 /* Development.xcconfig */;
			buildSettings = {
				ASSETCATALOG_COMPILER_APPICON_NAME = AppIconProduction;
				CLANG_ENABLE_MODULES = YES;
				CODE_SIGN_ENTITLEMENTS = "ostelco-ios-client/ostelco-ios-client.entitlements";
				CODE_SIGN_STYLE = Manual;
				DEVELOPMENT_TEAM = 2R8HFAXUXD;
				FRAMEWORK_SEARCH_PATHS = (
					"$(inherited)",
					"$(PROJECT_DIR)/Carthage/Build/iOS",
				);
				INFOPLIST_FILE = "ostelco-ios-client/Production.plist";
				LD_RUNPATH_SEARCH_PATHS = (
					"$(inherited)",
					"@executable_path/Frameworks",
				);
				PRODUCT_BUNDLE_IDENTIFIER = sg.redotter.selfcare;
				PRODUCT_MODULE_NAME = "$(PRODUCT_NAME:c99extidentifier)_app";
				PRODUCT_NAME = "$(TARGET_NAME)";
				PROVISIONING_PROFILE_SPECIFIER = "match Development sg.redotter.selfcare";
				SWIFT_OBJC_BRIDGING_HEADER = "ostelco-ios-client/ostelco-ios-client-Bridging-Header.h";
				SWIFT_OPTIMIZATION_LEVEL = "-Onone";
				SWIFT_VERSION = 4.2;
				TARGETED_DEVICE_FAMILY = "1,2";
				USER_HEADER_SEARCH_PATHS = "";
			};
			name = Debug;
		};
		0448817C217924B800F59758 /* Release */ = {
			isa = XCBuildConfiguration;
			baseConfigurationReference = 04EC5AE321887123000C2EC3 /* Production.xcconfig */;
			buildSettings = {
				ASSETCATALOG_COMPILER_APPICON_NAME = AppIconProduction;
				CLANG_ENABLE_MODULES = YES;
				CODE_SIGN_ENTITLEMENTS = "ostelco-ios-client/ostelco-ios-client.entitlements";
				CODE_SIGN_IDENTITY = "iPhone Distribution";
				CODE_SIGN_STYLE = Manual;
				DEVELOPMENT_TEAM = 2R8HFAXUXD;
				FRAMEWORK_SEARCH_PATHS = (
					"$(inherited)",
					"$(PROJECT_DIR)/Carthage/Build/iOS",
				);
				INFOPLIST_FILE = "ostelco-ios-client/Production.plist";
				LD_RUNPATH_SEARCH_PATHS = (
					"$(inherited)",
					"@executable_path/Frameworks",
				);
				PRODUCT_BUNDLE_IDENTIFIER = sg.redotter.selfcare;
				PRODUCT_MODULE_NAME = "$(PRODUCT_NAME:c99extidentifier)_app";
				PRODUCT_NAME = "$(TARGET_NAME)";
				PROVISIONING_PROFILE_SPECIFIER = "match AppStore sg.redotter.selfcare";
				SWIFT_OBJC_BRIDGING_HEADER = "ostelco-ios-client/ostelco-ios-client-Bridging-Header.h";
				SWIFT_VERSION = 4.2;
				TARGETED_DEVICE_FAMILY = "1,2";
				USER_HEADER_SEARCH_PATHS = "";
			};
			name = Release;
		};
		C2236F11218A414C00B135C0 /* Debug */ = {
			isa = XCBuildConfiguration;
			baseConfigurationReference = 83FF767F2C3E4B07A5D160DD /* Pods-dev-ostelco-ios-clientTests.debug.xcconfig */;
			buildSettings = {
				BUNDLE_LOADER = "$(TEST_HOST)";
				CODE_SIGN_STYLE = Automatic;
				DEVELOPMENT_TEAM = 2R8HFAXUXD;
				INFOPLIST_FILE = "dev-ostelco-ios-clientTests/Info.plist";
				IPHONEOS_DEPLOYMENT_TARGET = 12.1;
				LD_RUNPATH_SEARCH_PATHS = (
					"$(inherited)",
					"@executable_path/Frameworks",
					"@loader_path/Frameworks",
				);
				MTL_ENABLE_DEBUG_INFO = INCLUDE_SOURCE;
				MTL_FAST_MATH = YES;
				PRODUCT_BUNDLE_IDENTIFIER = "sg.redotter.dev-ostelco-ios-clientTests";
				PRODUCT_NAME = "$(TARGET_NAME)";
				SWIFT_VERSION = 4.2;
				TARGETED_DEVICE_FAMILY = "1,2";
				TEST_HOST = "$(BUILT_PRODUCTS_DIR)/dev-ostelco-ios-client.app/dev-ostelco-ios-client";
			};
			name = Debug;
		};
		C2236F12218A414C00B135C0 /* Release */ = {
			isa = XCBuildConfiguration;
			baseConfigurationReference = 6E99C51BCE902D09509C0751 /* Pods-dev-ostelco-ios-clientTests.release.xcconfig */;
			buildSettings = {
				BUNDLE_LOADER = "$(TEST_HOST)";
				CODE_SIGN_STYLE = Automatic;
				DEVELOPMENT_TEAM = 2R8HFAXUXD;
				INFOPLIST_FILE = "dev-ostelco-ios-clientTests/Info.plist";
				IPHONEOS_DEPLOYMENT_TARGET = 12.1;
				LD_RUNPATH_SEARCH_PATHS = (
					"$(inherited)",
					"@executable_path/Frameworks",
					"@loader_path/Frameworks",
				);
				MTL_FAST_MATH = YES;
				PRODUCT_BUNDLE_IDENTIFIER = "sg.redotter.dev-ostelco-ios-clientTests";
				PRODUCT_NAME = "$(TARGET_NAME)";
				SWIFT_VERSION = 4.2;
				TARGETED_DEVICE_FAMILY = "1,2";
				TEST_HOST = "$(BUILT_PRODUCTS_DIR)/dev-ostelco-ios-client.app/dev-ostelco-ios-client";
			};
			name = Release;
		};
		C29802C82181EDA800FBC5C3 /* Debug */ = {
			isa = XCBuildConfiguration;
			baseConfigurationReference = 04EC5AE521887137000C2EC3 /* Development.xcconfig */;
			buildSettings = {
				ASSETCATALOG_COMPILER_APPICON_NAME = AppIconDevelopment;
				CODE_SIGN_ENTITLEMENTS = "dev-ostelco-ios-client.entitlements";
				CODE_SIGN_IDENTITY = "iPhone Developer";
				CODE_SIGN_STYLE = Manual;
				CURRENT_PROJECT_VERSION = 25;
				DEVELOPMENT_TEAM = 2R8HFAXUXD;
				ENABLE_BITCODE = NO;
				FRAMEWORK_SEARCH_PATHS = (
					"$(inherited)",
					"$(PROJECT_DIR)/Carthage/Build/iOS",
					"$(SRCROOT)/Pods/**",
				);
				HEADER_SEARCH_PATHS = "$(SRCROOT)/Pods/**";
				INFOPLIST_FILE = "ostelco-ios-client/Development.plist";
				LD_RUNPATH_SEARCH_PATHS = (
					"$(inherited)",
					"@executable_path/Frameworks",
				);
				OTHER_CFLAGS = "";
				PODS_PODFILE_DIR_PATH = "${SRCROOT}";
				PODS_ROOT = "${SRCROOT}/Pods";
				PRODUCT_BUNDLE_IDENTIFIER = sg.redotter.dev.selfcare;
				PRODUCT_MODULE_NAME = "$(PRODUCT_NAME:c99extidentifier)_app";
				PRODUCT_NAME = "$(TARGET_NAME)";
				PROVISIONING_PROFILE_SPECIFIER = "match Development sg.redotter.dev.selfcare";
				SWIFT_OBJC_BRIDGING_HEADER = "ostelco-ios-client/ostelco-ios-client-Bridging-Header.h";
				SWIFT_VERSION = 4.2;
				TARGETED_DEVICE_FAMILY = "1,2";
				USER_HEADER_SEARCH_PATHS = "";
				VERSIONING_SYSTEM = "apple-generic";
			};
			name = Debug;
		};
		C29802CA2181EDA800FBC5C3 /* Release */ = {
			isa = XCBuildConfiguration;
			baseConfigurationReference = 04EC5AE321887123000C2EC3 /* Production.xcconfig */;
			buildSettings = {
				ASSETCATALOG_COMPILER_APPICON_NAME = AppIconProduction;
				CODE_SIGN_ENTITLEMENTS = "dev-ostelco-ios-client.entitlements";
				CODE_SIGN_IDENTITY = "iPhone Distribution";
				CODE_SIGN_STYLE = Manual;
				CURRENT_PROJECT_VERSION = 25;
				DEVELOPMENT_TEAM = 2R8HFAXUXD;
				ENABLE_BITCODE = NO;
				FRAMEWORK_SEARCH_PATHS = (
					"$(inherited)",
					"$(PROJECT_DIR)/Carthage/Build/iOS",
					"$(SRCROOT)/Pods/**",
				);
				HEADER_SEARCH_PATHS = "$(SRCROOT)/Pods/**";
				INFOPLIST_FILE = "ostelco-ios-client/Development.plist";
				LD_RUNPATH_SEARCH_PATHS = (
					"$(inherited)",
					"@executable_path/Frameworks",
				);
				OTHER_CFLAGS = "";
				PODS_PODFILE_DIR_PATH = "${SRCROOT}";
				PODS_ROOT = "${SRCROOT}/Pods";
				PRODUCT_BUNDLE_IDENTIFIER = sg.redotter.dev.selfcare;
				PRODUCT_MODULE_NAME = "$(PRODUCT_NAME:c99extidentifier)_app";
				PRODUCT_NAME = "$(TARGET_NAME)";
				PROVISIONING_PROFILE_SPECIFIER = "match AppStore sg.redotter.dev.selfcare";
				SWIFT_OBJC_BRIDGING_HEADER = "ostelco-ios-client/ostelco-ios-client-Bridging-Header.h";
				SWIFT_VERSION = 4.2;
				TARGETED_DEVICE_FAMILY = "1,2";
				USER_HEADER_SEARCH_PATHS = "";
				VERSIONING_SYSTEM = "apple-generic";
			};
			name = Release;
		};
/* End XCBuildConfiguration section */

/* Begin XCConfigurationList section */
		04488161217924B700F59758 /* Build configuration list for PBXProject "ostelco-ios-client" */ = {
			isa = XCConfigurationList;
			buildConfigurations = (
				04488178217924B800F59758 /* Debug */,
				04488179217924B800F59758 /* Release */,
			);
			defaultConfigurationIsVisible = 0;
			defaultConfigurationName = Release;
		};
		0448817A217924B800F59758 /* Build configuration list for PBXNativeTarget "ostelco-ios-client" */ = {
			isa = XCConfigurationList;
			buildConfigurations = (
				0448817B217924B800F59758 /* Debug */,
				0448817C217924B800F59758 /* Release */,
			);
			defaultConfigurationIsVisible = 0;
			defaultConfigurationName = Release;
		};
		C2236F13218A414C00B135C0 /* Build configuration list for PBXNativeTarget "dev-ostelco-ios-clientTests" */ = {
			isa = XCConfigurationList;
			buildConfigurations = (
				C2236F11218A414C00B135C0 /* Debug */,
				C2236F12218A414C00B135C0 /* Release */,
			);
			defaultConfigurationIsVisible = 0;
			defaultConfigurationName = Release;
		};
		C29802C72181EDA800FBC5C3 /* Build configuration list for PBXNativeTarget "dev-ostelco-ios-client" */ = {
			isa = XCConfigurationList;
			buildConfigurations = (
				C29802C82181EDA800FBC5C3 /* Debug */,
				C29802CA2181EDA800FBC5C3 /* Release */,
			);
			defaultConfigurationIsVisible = 0;
			defaultConfigurationName = Release;
		};
/* End XCConfigurationList section */
	};
	rootObject = 0448815E217924B700F59758 /* Project object */;
}
